
Microsoft Visual Studio Solution File, Format Version 11.00
# Visual Studio 2010
Project("{FAE04EC0-301F-11D3-BF4B-00C04F79EFBC}") = "Sample.AdvexpSettings.Assembly.PCL", "Assembly\Sample.AdvexpSettings.Assembly.PCL.csproj", "{18594BDC-2E45-488A-92EB-0C6F8298A2D9}"
EndProject
Project("{FAE04EC0-301F-11D3-BF4B-00C04F79EFBC}") = "Sample.AdvexpSettings.App.iOS", "App\Sample.AdvexpSettings.App.iOS.csproj", "{3AC684FB-5B62-4296-94C6-417856939329}"
EndProject
Global
	GlobalSection(SolutionConfigurationPlatforms) = preSolution
		Debug|iPhoneSimulator = Debug|iPhoneSimulator
		Release|iPhoneSimulator = Release|iPhoneSimulator
		Debug|iPhone = Debug|iPhone
		Release|iPhone = Release|iPhone
	EndGlobalSection
	GlobalSection(ProjectConfigurationPlatforms) = postSolution
		{18594BDC-2E45-488A-92EB-0C6F8298A2D9}.Debug|iPhone.ActiveCfg = Debug|Any CPU
		{18594BDC-2E45-488A-92EB-0C6F8298A2D9}.Debug|iPhone.Build.0 = Debug|Any CPU
		{18594BDC-2E45-488A-92EB-0C6F8298A2D9}.Debug|iPhoneSimulator.ActiveCfg = Debug|Any CPU
		{18594BDC-2E45-488A-92EB-0C6F8298A2D9}.Debug|iPhoneSimulator.Build.0 = Debug|Any CPU
		{18594BDC-2E45-488A-92EB-0C6F8298A2D9}.Release|iPhone.ActiveCfg = Release|Any CPU
		{18594BDC-2E45-488A-92EB-0C6F8298A2D9}.Release|iPhone.Build.0 = Release|Any CPU
		{18594BDC-2E45-488A-92EB-0C6F8298A2D9}.Release|iPhoneSimulator.ActiveCfg = Release|Any CPU
		{18594BDC-2E45-488A-92EB-0C6F8298A2D9}.Release|iPhoneSimulator.Build.0 = Release|Any CPU
		{3AC684FB-5B62-4296-94C6-417856939329}.Debug|iPhone.ActiveCfg = Debug|iPhone
		{3AC684FB-5B62-4296-94C6-417856939329}.Debug|iPhone.Build.0 = Debug|iPhone
		{3AC684FB-5B62-4296-94C6-417856939329}.Debug|iPhoneSimulator.ActiveCfg = Debug|iPhoneSimulator
		{3AC684FB-5B62-4296-94C6-417856939329}.Debug|iPhoneSimulator.Build.0 = Debug|iPhoneSimulator
		{3AC684FB-5B62-4296-94C6-417856939329}.Release|iPhone.ActiveCfg = Release|iPhone
		{3AC684FB-5B62-4296-94C6-417856939329}.Release|iPhone.Build.0 = Release|iPhone
		{3AC684FB-5B62-4296-94C6-417856939329}.Release|iPhoneSimulator.ActiveCfg = Release|iPhoneSimulator
		{3AC684FB-5B62-4296-94C6-417856939329}.Release|iPhoneSimulator.Build.0 = Release|iPhoneSimulator
	EndGlobalSection
	GlobalSection(MonoDevelopProperties) = preSolution
		BaseDirectory = ..
	EndGlobalSection
EndGlobal
