
Microsoft Visual Studio Solution File, Format Version 11.00
# Visual Studio 2010
Project("{FAE04EC0-301F-11D3-BF4B-00C04F79EFBC}") = "Sample.JSONSettings.Android", "Sample.JSONSettings.Android.csproj", "{E4F67FB2-ABEE-4D66-8CA6-E22FED1EF0D9}"
EndProject
Project("{FAE04EC0-301F-11D3-BF4B-00C04F79EFBC}") = "SharpSerializer.PCL", "..\..\..\Advexp.Settings\SharpSerializer\SharpSerializer.PCL.csproj", "{25A1D22A-76E8-45CD-8634-04DF15CF37E8}"
EndProject
Project("{FAE04EC0-301F-11D3-BF4B-00C04F79EFBC}") = "Advexp.Settings.Utils.PCL", "..\..\..\Advexp.Settings\PCL.Utils\Advexp.Settings.Utils.PCL.csproj", "{8A697A13-71A1-46B1-93E5-1C42DF20BE1A}"
EndProject
Project("{FAE04EC0-301F-11D3-BF4B-00C04F79EFBC}") = "Advexp.Settings.Android", "..\..\..\Advexp.Settings\Android\Advexp.Settings.Android.csproj", "{29EB96CB-9287-4740-AEE3-859265DD32BC}"
EndProject
Project("{FAE04EC0-301F-11D3-BF4B-00C04F79EFBC}") = "Plugin.JSONSettings.PCL", "..\..\..\Advexp.Settings\Plugins\JSONSettings\Plugin.JSONSettings.PCL.csproj", "{150F8545-A3DC-4ED0-B279-D6223666905A}"
EndProject
Global
	GlobalSection(SolutionConfigurationPlatforms) = preSolution
		Debug|Any CPU = Debug|Any CPU
		Release|Any CPU = Release|Any CPU
	EndGlobalSection
	GlobalSection(ProjectConfigurationPlatforms) = postSolution
		{150F8545-A3DC-4ED0-B279-D6223666905A}.Debug|Any CPU.ActiveCfg = Release|Any CPU
		{150F8545-A3DC-4ED0-B279-D6223666905A}.Debug|Any CPU.Build.0 = Release|Any CPU
		{150F8545-A3DC-4ED0-B279-D6223666905A}.Release|Any CPU.ActiveCfg = Release|Any CPU
		{150F8545-A3DC-4ED0-B279-D6223666905A}.Release|Any CPU.Build.0 = Release|Any CPU
		{25A1D22A-76E8-45CD-8634-04DF15CF37E8}.Debug|Any CPU.ActiveCfg = Release|Any CPU
		{25A1D22A-76E8-45CD-8634-04DF15CF37E8}.Debug|Any CPU.Build.0 = Release|Any CPU
		{25A1D22A-76E8-45CD-8634-04DF15CF37E8}.Release|Any CPU.ActiveCfg = Release|Any CPU
		{25A1D22A-76E8-45CD-8634-04DF15CF37E8}.Release|Any CPU.Build.0 = Release|Any CPU
		{29EB96CB-9287-4740-AEE3-859265DD32BC}.Debug|Any CPU.ActiveCfg = Release - Component|Any CPU
		{29EB96CB-9287-4740-AEE3-859265DD32BC}.Debug|Any CPU.Build.0 = Release - Component|Any CPU
		{29EB96CB-9287-4740-AEE3-859265DD32BC}.Release|Any CPU.ActiveCfg = Release - Component|Any CPU
		{29EB96CB-9287-4740-AEE3-859265DD32BC}.Release|Any CPU.Build.0 = Release - Component|Any CPU
		{8A697A13-71A1-46B1-93E5-1C42DF20BE1A}.Debug|Any CPU.ActiveCfg = Release - Component|Any CPU
		{8A697A13-71A1-46B1-93E5-1C42DF20BE1A}.Debug|Any CPU.Build.0 = Release - Component|Any CPU
		{8A697A13-71A1-46B1-93E5-1C42DF20BE1A}.Release|Any CPU.ActiveCfg = Release - Component|Any CPU
		{8A697A13-71A1-46B1-93E5-1C42DF20BE1A}.Release|Any CPU.Build.0 = Release - Component|Any CPU
		{E4F67FB2-ABEE-4D66-8CA6-E22FED1EF0D9}.Debug|Any CPU.ActiveCfg = Debug|Any CPU
		{E4F67FB2-ABEE-4D66-8CA6-E22FED1EF0D9}.Debug|Any CPU.Build.0 = Debug|Any CPU
		{E4F67FB2-ABEE-4D66-8CA6-E22FED1EF0D9}.Release|Any CPU.ActiveCfg = Release|Any CPU
		{E4F67FB2-ABEE-4D66-8CA6-E22FED1EF0D9}.Release|Any CPU.Build.0 = Release|Any CPU
	EndGlobalSection
EndGlobal
