Microsoft Visual Studio Solution File, Format Version 12.00
# Visual Studio 15
VisualStudioVersion = 15.0.28307.168
MinimumVisualStudioVersion = 10.0.40219.1
Project("{2150E333-8FDC-42A3-9474-1A3956D46DE8}") = "TDDs", "TDDs", "{E91EC70F-0E0D-430F-BC3F-7B4E98F9CFA4}"
EndProject
Project("{FAE04EC0-301F-11D3-BF4B-00C04F79EFBC}") = "TDD.iOS", "TDDs\TDD.iOS\TDD.iOS.csproj", "{DD48F749-485F-4C37-AD28-24362AAFE62E}"
EndProject
Project("{FAE04EC0-301F-11D3-BF4B-00C04F79EFBC}") = "TDD.Android", "TDDs\TDD.Android\TDD.Android.csproj", "{E745B033-4422-4C8C-B34D-2401A00382A1}"
EndProject
Project("{2150E333-8FDC-42A3-9474-1A3956D46DE8}") = "Samples", "Samples", "{39FCFDDB-4997-4B81-B374-81E9EFD9B5B7}"
EndProject
Project("{FAE04EC0-301F-11D3-BF4B-00C04F79EFBC}") = "Sample.LocalSettings.iOS", "Samples\LocalSettings\iOS\Sample.LocalSettings.iOS.csproj", "{4F15E09F-0E7D-4D37-A514-C74D6573825A}"
EndProject
Project("{2150E333-8FDC-42A3-9474-1A3956D46DE8}") = "Standard-iOS", "Standard-iOS", "{B0B86047-EF23-478E-87CA-E34B9FA2EF51}"
EndProject
Project("{FAE04EC0-301F-11D3-BF4B-00C04F79EFBC}") = "Sample.AdvexpSettings.App.iOS", "..\Library\Samples\Standard-iOS\App\Sample.AdvexpSettings.App.iOS.csproj", "{7F74BC5B-4721-427E-AED9-715F437FC4A6}"
EndProject
Project("{FAE04EC0-301F-11D3-BF4B-00C04F79EFBC}") = "Sample.JSONSettings.iOS", "Samples\JSONSettings\iOS\Sample.JSONSettings.iOS.csproj", "{7AC51993-2B3D-4CC8-9486-63BC3B2CDCD6}"
EndProject
Project("{FAE04EC0-301F-11D3-BF4B-00C04F79EFBC}") = "Sample.LocalSettings.Android", "Samples\LocalSettings\Android\Sample.LocalSettings.Android.csproj", "{4B481BBC-B9F9-4636-A9F1-384E2818A319}"
EndProject
Project("{FAE04EC0-301F-11D3-BF4B-00C04F79EFBC}") = "Sample.JSONSettings.Android", "Samples\JSONSettings\Android\Sample.JSONSettings.Android.csproj", "{E4F67FB2-ABEE-4D66-8CA6-E22FED1EF0D9}"
EndProject
Project("{FAE04EC0-301F-11D3-BF4B-00C04F79EFBC}") = "Sample.InAppSettingsKit.iOS", "Samples\InAppSettingsKit\Sample.InAppSettingsKit.iOS.csproj", "{424FB004-7068-44D5-880E-CB76B7B8A653}"
EndProject
Project("{2150E333-8FDC-42A3-9474-1A3956D46DE8}") = "LocalSettings", "LocalSettings", "{47F6BEB6-436B-411D-8EB5-BF7AC71A7756}"
EndProject
Project("{2150E333-8FDC-42A3-9474-1A3956D46DE8}") = "JSON", "JSON", "{DC0FD7EE-5A6F-461C-9DEA-52CEF490EC43}"
EndProject
Project("{FAE04EC0-301F-11D3-BF4B-00C04F79EFBC}") = "Sample.DynamicSettings.iOS", "Samples\DynamicSettings\iOS\Sample.DynamicSettings.iOS.csproj", "{38E3B2B5-2F4B-4319-BD34-172E15481E70}"
EndProject
Project("{FAE04EC0-301F-11D3-BF4B-00C04F79EFBC}") = "Sample.DynamicSettings.Android", "Samples\DynamicSettings\Android\Sample.DynamicSettings.Android.csproj", "{CAC416BF-ACCC-441B-9A68-E41668C44A65}"
EndProject
Project("{2150E333-8FDC-42A3-9474-1A3956D46DE8}") = "DynamicSettings", "DynamicSettings", "{25B4A241-8232-4DE8-BF68-D00DB9702185}"
EndProject
Project("{2150E333-8FDC-42A3-9474-1A3956D46DE8}") = "AmazonCognitoSync", "AmazonCognitoSync", "{A883B11D-6FAE-4D9D-A806-82A8A2107132}"
EndProject
Project("{2150E333-8FDC-42A3-9474-1A3956D46DE8}") = "Amazon sample", "Amazon sample", "{35DE1800-E06D-4B69-8F90-94143BBA6881}"
EndProject
Project("{FAE04EC0-301F-11D3-BF4B-00C04F79EFBC}") = "Sample.CognitoSyncSettings.Android", "Samples\CognitoSettings\Android\Sample.CognitoSyncSettings.Android.csproj", "{6195FF23-569F-42A2-84AE-4EB202501E7F}"
EndProject
Project("{FAE04EC0-301F-11D3-BF4B-00C04F79EFBC}") = "Sample.CognitoSyncSettings.iOS", "Samples\CognitoSettings\iOS\Sample.CognitoSyncSettings.iOS.csproj", "{FAFCC060-A797-471B-B460-6F6C1FDF21B2}"
EndProject
Project("{FAE04EC0-301F-11D3-BF4B-00C04F79EFBC}") = "Sample.TODOList.Android", "Samples\CognitoSettings\AmazonSample\TODOList.Android\Sample.TODOList.Android.csproj", "{7679E83D-7101-4D45-89A9-8B059CBE7B01}"
EndProject
Project("{FAE04EC0-301F-11D3-BF4B-00C04F79EFBC}") = "Sample.TODOList.PCL", "Samples\CognitoSettings\AmazonSample\TODOListPortableLibrary\Sample.TODOList.PCL.csproj", "{71FF347C-68E8-4469-A644-BBC20A19DD6B}"
EndProject
Project("{FAE04EC0-301F-11D3-BF4B-00C04F79EFBC}") = "Sample.TODOList.iOS", "Samples\CognitoSettings\AmazonSample\TODOList.iOS\Sample.TODOList.iOS.csproj", "{E9B6060E-8A4C-4208-AEC1-8EA427722206}"
EndProject
Project("{2150E333-8FDC-42A3-9474-1A3956D46DE8}") = "FirebaseRemoteConfig", "FirebaseRemoteConfig", "{6B329756-CB8F-464F-84A3-0A3497247A53}"
EndProject
Project("{2150E333-8FDC-42A3-9474-1A3956D46DE8}") = "Standard-iOS", "Standard-iOS", "{078424D3-E092-4080-B731-D3690B9B23F1}"
EndProject
Project("{FAE04EC0-301F-11D3-BF4B-00C04F79EFBC}") = "Sample.FirebaseRemoteConfig.iOS", "Samples\FirebaseRemoteConfig\iOS\Sample.FirebaseRemoteConfig.iOS.csproj", "{5B004A6D-C9B0-4B61-896A-B09E5070BA65}"
EndProject
Project("{FAE04EC0-301F-11D3-BF4B-00C04F79EFBC}") = "Sample.FirebaseRemoteConfig.Android", "Samples\FirebaseRemoteConfig\Android\Sample.FirebaseRemoteConfig.Android.csproj", "{527D52F0-9B2B-44F8-A5C7-EF5549A7C079}"
EndProject
Project("{9A19103F-16F7-4668-BE54-9A1E7A4F7556}") = "Sample.AdvexpSettings.Assembly.Standard", "..\Library\Samples\Standard-iOS\Assembly\Sample.AdvexpSettings.Assembly.Standard.csproj", "{F46F66E7-C124-4CBA-917C-D300C21E47AE}"
EndProject
Project("{FAE04EC0-301F-11D3-BF4B-00C04F79EFBC}") = "Sample.CognitoSyncSettings.Windows", "Samples\CognitoSettings\Windows\Sample.CognitoSyncSettings.Windows.csproj", "{62EC17FF-FF0F-4829-9A40-518C501F5AB9}"
EndProject
Project("{9A19103F-16F7-4668-BE54-9A1E7A4F7556}") = "Sample.FirebaseRemoteConfig.Assembly.Standard", "Samples\FirebaseRemoteConfig\Standard-iOS\Assembly\Sample.FirebaseRemoteConfig.Assembly.Standard.csproj", "{95664E56-EA3E-4A87-A257-4DCB51147162}"
EndProject
Project("{FAE04EC0-301F-11D3-BF4B-00C04F79EFBC}") = "Sample.FirebaseRemoteConfig.App.iOS", "Samples\FirebaseRemoteConfig\Standard-iOS\App\Sample.FirebaseRemoteConfig.App.iOS.csproj", "{841B1DC9-8C0D-4AFD-9713-4B17FEDD0EAF}"
EndProject
Project("{2150E333-8FDC-42A3-9474-1A3956D46DE8}") = "Windows", "Windows", "{B2E1D413-C460-40CB-90BF-7E96428110C3}"
EndProject
Project("{FAE04EC0-301F-11D3-BF4B-00C04F79EFBC}") = "TDD.Windows.ClassicDesktop", "TDDs\TDD.Windows.ClassicDesktop\TDD.Windows.ClassicDesktop.csproj", "{4AF12AA0-126F-4BEE-A436-108FC401C33E}"
EndProject
Project("{9A19103F-16F7-4668-BE54-9A1E7A4F7556}") = "TDD.Windows.Core", "TDDs\TDD.Windows.Core\TDD.Windows.Core.csproj", "{7124D8ED-EDAA-464C-90F8-A0FB8DEE5BB4}"
EndProject
Project("{FAE04EC0-301F-11D3-BF4B-00C04F79EFBC}") = "TDD.Windows.UWP", "TDDs\TDD.Windows.UWP\TDD.Windows.UWP.csproj", "{6E195125-8A57-4A40-B0AC-1575A43DB56E}"
EndProject
Global
	GlobalSection(SolutionConfigurationPlatforms) = preSolution
		Debug|Any CPU = Debug|Any CPU
		Debug|iPhone = Debug|iPhone
		Debug|iPhoneSimulator = Debug|iPhoneSimulator
		Release|Any CPU = Release|Any CPU
		Release|iPhone = Release|iPhone
		Release|iPhoneSimulator = Release|iPhoneSimulator
	EndGlobalSection
	GlobalSection(ProjectConfigurationPlatforms) = postSolution
		{DD48F749-485F-4C37-AD28-24362AAFE62E}.Debug|Any CPU.ActiveCfg = Debug|iPhoneSimulator
		{DD48F749-485F-4C37-AD28-24362AAFE62E}.Debug|iPhone.ActiveCfg = Debug|iPhone
		{DD48F749-485F-4C37-AD28-24362AAFE62E}.Debug|iPhone.Build.0 = Debug|iPhone
		{DD48F749-485F-4C37-AD28-24362AAFE62E}.Debug|iPhoneSimulator.ActiveCfg = Debug|iPhoneSimulator
		{DD48F749-485F-4C37-AD28-24362AAFE62E}.Debug|iPhoneSimulator.Build.0 = Debug|iPhoneSimulator
		{DD48F749-485F-4C37-AD28-24362AAFE62E}.Release|Any CPU.ActiveCfg = Release|iPhoneSimulator
		{DD48F749-485F-4C37-AD28-24362AAFE62E}.Release|iPhone.ActiveCfg = Release|iPhone
		{DD48F749-485F-4C37-AD28-24362AAFE62E}.Release|iPhone.Build.0 = Release|iPhone
		{DD48F749-485F-4C37-AD28-24362AAFE62E}.Release|iPhoneSimulator.ActiveCfg = Release|iPhoneSimulator
		{DD48F749-485F-4C37-AD28-24362AAFE62E}.Release|iPhoneSimulator.Build.0 = Release|iPhoneSimulator
		{E745B033-4422-4C8C-B34D-2401A00382A1}.Debug|Any CPU.ActiveCfg = Debug|Any CPU
		{E745B033-4422-4C8C-B34D-2401A00382A1}.Debug|Any CPU.Build.0 = Debug|Any CPU
		{E745B033-4422-4C8C-B34D-2401A00382A1}.Debug|Any CPU.Deploy.0 = Debug|Any CPU
		{E745B033-4422-4C8C-B34D-2401A00382A1}.Debug|iPhone.ActiveCfg = Debug|Any CPU
		{E745B033-4422-4C8C-B34D-2401A00382A1}.Debug|iPhone.Build.0 = Debug|Any CPU
		{E745B033-4422-4C8C-B34D-2401A00382A1}.Debug|iPhoneSimulator.ActiveCfg = Debug|Any CPU
		{E745B033-4422-4C8C-B34D-2401A00382A1}.Debug|iPhoneSimulator.Build.0 = Debug|Any CPU
		{E745B033-4422-4C8C-B34D-2401A00382A1}.Release|Any CPU.ActiveCfg = Release|Any CPU
		{E745B033-4422-4C8C-B34D-2401A00382A1}.Release|Any CPU.Build.0 = Release|Any CPU
		{E745B033-4422-4C8C-B34D-2401A00382A1}.Release|Any CPU.Deploy.0 = Release|Any CPU
		{E745B033-4422-4C8C-B34D-2401A00382A1}.Release|iPhone.ActiveCfg = Release|Any CPU
		{E745B033-4422-4C8C-B34D-2401A00382A1}.Release|iPhone.Build.0 = Release|Any CPU
		{E745B033-4422-4C8C-B34D-2401A00382A1}.Release|iPhoneSimulator.ActiveCfg = Release|Any CPU
		{E745B033-4422-4C8C-B34D-2401A00382A1}.Release|iPhoneSimulator.Build.0 = Release|Any CPU
		{4F15E09F-0E7D-4D37-A514-C74D6573825A}.Debug|Any CPU.ActiveCfg = Debug|iPhoneSimulator
		{4F15E09F-0E7D-4D37-A514-C74D6573825A}.Debug|iPhone.ActiveCfg = Debug|iPhone
		{4F15E09F-0E7D-4D37-A514-C74D6573825A}.Debug|iPhone.Build.0 = Debug|iPhone
		{4F15E09F-0E7D-4D37-A514-C74D6573825A}.Debug|iPhoneSimulator.ActiveCfg = Debug|iPhoneSimulator
		{4F15E09F-0E7D-4D37-A514-C74D6573825A}.Debug|iPhoneSimulator.Build.0 = Debug|iPhoneSimulator
		{4F15E09F-0E7D-4D37-A514-C74D6573825A}.Release|Any CPU.ActiveCfg = Release|iPhoneSimulator
		{4F15E09F-0E7D-4D37-A514-C74D6573825A}.Release|iPhone.ActiveCfg = Release|iPhone
		{4F15E09F-0E7D-4D37-A514-C74D6573825A}.Release|iPhone.Build.0 = Release|iPhone
		{4F15E09F-0E7D-4D37-A514-C74D6573825A}.Release|iPhoneSimulator.ActiveCfg = Release|iPhoneSimulator
		{4F15E09F-0E7D-4D37-A514-C74D6573825A}.Release|iPhoneSimulator.Build.0 = Release|iPhoneSimulator
		{7F74BC5B-4721-427E-AED9-715F437FC4A6}.Debug|Any CPU.ActiveCfg = Debug|iPhoneSimulator
		{7F74BC5B-4721-427E-AED9-715F437FC4A6}.Debug|iPhone.ActiveCfg = Debug|iPhone
		{7F74BC5B-4721-427E-AED9-715F437FC4A6}.Debug|iPhone.Build.0 = Debug|iPhone
		{7F74BC5B-4721-427E-AED9-715F437FC4A6}.Debug|iPhoneSimulator.ActiveCfg = Debug|iPhoneSimulator
		{7F74BC5B-4721-427E-AED9-715F437FC4A6}.Debug|iPhoneSimulator.Build.0 = Debug|iPhoneSimulator
		{7F74BC5B-4721-427E-AED9-715F437FC4A6}.Release|Any CPU.ActiveCfg = Release|iPhoneSimulator
		{7F74BC5B-4721-427E-AED9-715F437FC4A6}.Release|iPhone.ActiveCfg = Release|iPhone
		{7F74BC5B-4721-427E-AED9-715F437FC4A6}.Release|iPhone.Build.0 = Release|iPhone
		{7F74BC5B-4721-427E-AED9-715F437FC4A6}.Release|iPhoneSimulator.ActiveCfg = Release|iPhoneSimulator
		{7F74BC5B-4721-427E-AED9-715F437FC4A6}.Release|iPhoneSimulator.Build.0 = Release|iPhoneSimulator
		{7AC51993-2B3D-4CC8-9486-63BC3B2CDCD6}.Debug|Any CPU.ActiveCfg = Debug|iPhoneSimulator
		{7AC51993-2B3D-4CC8-9486-63BC3B2CDCD6}.Debug|iPhone.ActiveCfg = Debug|iPhone
		{7AC51993-2B3D-4CC8-9486-63BC3B2CDCD6}.Debug|iPhone.Build.0 = Debug|iPhone
		{7AC51993-2B3D-4CC8-9486-63BC3B2CDCD6}.Debug|iPhoneSimulator.ActiveCfg = Debug|iPhoneSimulator
		{7AC51993-2B3D-4CC8-9486-63BC3B2CDCD6}.Debug|iPhoneSimulator.Build.0 = Debug|iPhoneSimulator
		{7AC51993-2B3D-4CC8-9486-63BC3B2CDCD6}.Release|Any CPU.ActiveCfg = Release|iPhoneSimulator
		{7AC51993-2B3D-4CC8-9486-63BC3B2CDCD6}.Release|iPhone.ActiveCfg = Release|iPhone
		{7AC51993-2B3D-4CC8-9486-63BC3B2CDCD6}.Release|iPhone.Build.0 = Release|iPhone
		{7AC51993-2B3D-4CC8-9486-63BC3B2CDCD6}.Release|iPhoneSimulator.ActiveCfg = Release|iPhoneSimulator
		{7AC51993-2B3D-4CC8-9486-63BC3B2CDCD6}.Release|iPhoneSimulator.Build.0 = Release|iPhoneSimulator
		{4B481BBC-B9F9-4636-A9F1-384E2818A319}.Debug|Any CPU.ActiveCfg = Debug|Any CPU
		{4B481BBC-B9F9-4636-A9F1-384E2818A319}.Debug|Any CPU.Build.0 = Debug|Any CPU
		{4B481BBC-B9F9-4636-A9F1-384E2818A319}.Debug|Any CPU.Deploy.0 = Debug|Any CPU
		{4B481BBC-B9F9-4636-A9F1-384E2818A319}.Debug|iPhone.ActiveCfg = Debug|Any CPU
		{4B481BBC-B9F9-4636-A9F1-384E2818A319}.Debug|iPhone.Build.0 = Debug|Any CPU
		{4B481BBC-B9F9-4636-A9F1-384E2818A319}.Debug|iPhoneSimulator.ActiveCfg = Debug|Any CPU
		{4B481BBC-B9F9-4636-A9F1-384E2818A319}.Debug|iPhoneSimulator.Build.0 = Debug|Any CPU
		{4B481BBC-B9F9-4636-A9F1-384E2818A319}.Release|Any CPU.ActiveCfg = Release|Any CPU
		{4B481BBC-B9F9-4636-A9F1-384E2818A319}.Release|Any CPU.Build.0 = Release|Any CPU
		{4B481BBC-B9F9-4636-A9F1-384E2818A319}.Release|Any CPU.Deploy.0 = Release|Any CPU
		{4B481BBC-B9F9-4636-A9F1-384E2818A319}.Release|iPhone.ActiveCfg = Release|Any CPU
		{4B481BBC-B9F9-4636-A9F1-384E2818A319}.Release|iPhone.Build.0 = Release|Any CPU
		{4B481BBC-B9F9-4636-A9F1-384E2818A319}.Release|iPhoneSimulator.ActiveCfg = Release|Any CPU
		{4B481BBC-B9F9-4636-A9F1-384E2818A319}.Release|iPhoneSimulator.Build.0 = Release|Any CPU
		{E4F67FB2-ABEE-4D66-8CA6-E22FED1EF0D9}.Debug|Any CPU.ActiveCfg = Debug|Any CPU
		{E4F67FB2-ABEE-4D66-8CA6-E22FED1EF0D9}.Debug|Any CPU.Build.0 = Debug|Any CPU
		{E4F67FB2-ABEE-4D66-8CA6-E22FED1EF0D9}.Debug|Any CPU.Deploy.0 = Debug|Any CPU
		{E4F67FB2-ABEE-4D66-8CA6-E22FED1EF0D9}.Debug|iPhone.ActiveCfg = Debug|Any CPU
		{E4F67FB2-ABEE-4D66-8CA6-E22FED1EF0D9}.Debug|iPhone.Build.0 = Debug|Any CPU
		{E4F67FB2-ABEE-4D66-8CA6-E22FED1EF0D9}.Debug|iPhoneSimulator.ActiveCfg = Debug|Any CPU
		{E4F67FB2-ABEE-4D66-8CA6-E22FED1EF0D9}.Debug|iPhoneSimulator.Build.0 = Debug|Any CPU
		{E4F67FB2-ABEE-4D66-8CA6-E22FED1EF0D9}.Release|Any CPU.ActiveCfg = Release|Any CPU
		{E4F67FB2-ABEE-4D66-8CA6-E22FED1EF0D9}.Release|Any CPU.Build.0 = Release|Any CPU
		{E4F67FB2-ABEE-4D66-8CA6-E22FED1EF0D9}.Release|Any CPU.Deploy.0 = Release|Any CPU
		{E4F67FB2-ABEE-4D66-8CA6-E22FED1EF0D9}.Release|iPhone.ActiveCfg = Release|Any CPU
		{E4F67FB2-ABEE-4D66-8CA6-E22FED1EF0D9}.Release|iPhone.Build.0 = Release|Any CPU
		{E4F67FB2-ABEE-4D66-8CA6-E22FED1EF0D9}.Release|iPhoneSimulator.ActiveCfg = Release|Any CPU
		{E4F67FB2-ABEE-4D66-8CA6-E22FED1EF0D9}.Release|iPhoneSimulator.Build.0 = Release|Any CPU
		{424FB004-7068-44D5-880E-CB76B7B8A653}.Debug|Any CPU.ActiveCfg = Debug|iPhoneSimulator
		{424FB004-7068-44D5-880E-CB76B7B8A653}.Debug|iPhone.ActiveCfg = Debug|iPhone
		{424FB004-7068-44D5-880E-CB76B7B8A653}.Debug|iPhone.Build.0 = Debug|iPhone
		{424FB004-7068-44D5-880E-CB76B7B8A653}.Debug|iPhoneSimulator.ActiveCfg = Debug|iPhoneSimulator
		{424FB004-7068-44D5-880E-CB76B7B8A653}.Debug|iPhoneSimulator.Build.0 = Debug|iPhoneSimulator
		{424FB004-7068-44D5-880E-CB76B7B8A653}.Release|Any CPU.ActiveCfg = Release|iPhoneSimulator
		{424FB004-7068-44D5-880E-CB76B7B8A653}.Release|iPhone.ActiveCfg = Release|iPhone
		{424FB004-7068-44D5-880E-CB76B7B8A653}.Release|iPhone.Build.0 = Release|iPhone
		{424FB004-7068-44D5-880E-CB76B7B8A653}.Release|iPhoneSimulator.ActiveCfg = Release|iPhoneSimulator
		{424FB004-7068-44D5-880E-CB76B7B8A653}.Release|iPhoneSimulator.Build.0 = Release|iPhoneSimulator
		{38E3B2B5-2F4B-4319-BD34-172E15481E70}.Debug|Any CPU.ActiveCfg = Debug|iPhoneSimulator
		{38E3B2B5-2F4B-4319-BD34-172E15481E70}.Debug|iPhone.ActiveCfg = Debug|iPhone
		{38E3B2B5-2F4B-4319-BD34-172E15481E70}.Debug|iPhone.Build.0 = Debug|iPhone
		{38E3B2B5-2F4B-4319-BD34-172E15481E70}.Debug|iPhoneSimulator.ActiveCfg = Debug|iPhoneSimulator
		{38E3B2B5-2F4B-4319-BD34-172E15481E70}.Debug|iPhoneSimulator.Build.0 = Debug|iPhoneSimulator
		{38E3B2B5-2F4B-4319-BD34-172E15481E70}.Release|Any CPU.ActiveCfg = Release|iPhoneSimulator
		{38E3B2B5-2F4B-4319-BD34-172E15481E70}.Release|iPhone.ActiveCfg = Release|iPhone
		{38E3B2B5-2F4B-4319-BD34-172E15481E70}.Release|iPhone.Build.0 = Release|iPhone
		{38E3B2B5-2F4B-4319-BD34-172E15481E70}.Release|iPhoneSimulator.ActiveCfg = Release|iPhoneSimulator
		{38E3B2B5-2F4B-4319-BD34-172E15481E70}.Release|iPhoneSimulator.Build.0 = Release|iPhoneSimulator
		{CAC416BF-ACCC-441B-9A68-E41668C44A65}.Debug|Any CPU.ActiveCfg = Debug|Any CPU
		{CAC416BF-ACCC-441B-9A68-E41668C44A65}.Debug|Any CPU.Build.0 = Debug|Any CPU
		{CAC416BF-ACCC-441B-9A68-E41668C44A65}.Debug|Any CPU.Deploy.0 = Debug|Any CPU
		{CAC416BF-ACCC-441B-9A68-E41668C44A65}.Debug|iPhone.ActiveCfg = Debug|Any CPU
		{CAC416BF-ACCC-441B-9A68-E41668C44A65}.Debug|iPhone.Build.0 = Debug|Any CPU
		{CAC416BF-ACCC-441B-9A68-E41668C44A65}.Debug|iPhoneSimulator.ActiveCfg = Debug|Any CPU
		{CAC416BF-ACCC-441B-9A68-E41668C44A65}.Debug|iPhoneSimulator.Build.0 = Debug|Any CPU
		{CAC416BF-ACCC-441B-9A68-E41668C44A65}.Release|Any CPU.ActiveCfg = Release|Any CPU
		{CAC416BF-ACCC-441B-9A68-E41668C44A65}.Release|Any CPU.Build.0 = Release|Any CPU
		{CAC416BF-ACCC-441B-9A68-E41668C44A65}.Release|Any CPU.Deploy.0 = Release|Any CPU
		{CAC416BF-ACCC-441B-9A68-E41668C44A65}.Release|iPhone.ActiveCfg = Release|Any CPU
		{CAC416BF-ACCC-441B-9A68-E41668C44A65}.Release|iPhone.Build.0 = Release|Any CPU
		{CAC416BF-ACCC-441B-9A68-E41668C44A65}.Release|iPhoneSimulator.ActiveCfg = Release|Any CPU
		{CAC416BF-ACCC-441B-9A68-E41668C44A65}.Release|iPhoneSimulator.Build.0 = Release|Any CPU
		{6195FF23-569F-42A2-84AE-4EB202501E7F}.Debug|Any CPU.ActiveCfg = Debug|Any CPU
		{6195FF23-569F-42A2-84AE-4EB202501E7F}.Debug|Any CPU.Build.0 = Debug|Any CPU
		{6195FF23-569F-42A2-84AE-4EB202501E7F}.Debug|Any CPU.Deploy.0 = Debug|Any CPU
		{6195FF23-569F-42A2-84AE-4EB202501E7F}.Debug|iPhone.ActiveCfg = Debug|Any CPU
		{6195FF23-569F-42A2-84AE-4EB202501E7F}.Debug|iPhone.Build.0 = Debug|Any CPU
		{6195FF23-569F-42A2-84AE-4EB202501E7F}.Debug|iPhoneSimulator.ActiveCfg = Debug|Any CPU
		{6195FF23-569F-42A2-84AE-4EB202501E7F}.Debug|iPhoneSimulator.Build.0 = Debug|Any CPU
		{6195FF23-569F-42A2-84AE-4EB202501E7F}.Release|Any CPU.ActiveCfg = Release|Any CPU
		{6195FF23-569F-42A2-84AE-4EB202501E7F}.Release|Any CPU.Build.0 = Release|Any CPU
		{6195FF23-569F-42A2-84AE-4EB202501E7F}.Release|Any CPU.Deploy.0 = Release|Any CPU
		{6195FF23-569F-42A2-84AE-4EB202501E7F}.Release|iPhone.ActiveCfg = Release|Any CPU
		{6195FF23-569F-42A2-84AE-4EB202501E7F}.Release|iPhone.Build.0 = Release|Any CPU
		{6195FF23-569F-42A2-84AE-4EB202501E7F}.Release|iPhoneSimulator.ActiveCfg = Release|Any CPU
		{6195FF23-569F-42A2-84AE-4EB202501E7F}.Release|iPhoneSimulator.Build.0 = Release|Any CPU
		{FAFCC060-A797-471B-B460-6F6C1FDF21B2}.Debug|Any CPU.ActiveCfg = Debug|iPhoneSimulator
		{FAFCC060-A797-471B-B460-6F6C1FDF21B2}.Debug|iPhone.ActiveCfg = Debug|iPhone
		{FAFCC060-A797-471B-B460-6F6C1FDF21B2}.Debug|iPhone.Build.0 = Debug|iPhone
		{FAFCC060-A797-471B-B460-6F6C1FDF21B2}.Debug|iPhoneSimulator.ActiveCfg = Debug|iPhoneSimulator
		{FAFCC060-A797-471B-B460-6F6C1FDF21B2}.Debug|iPhoneSimulator.Build.0 = Debug|iPhoneSimulator
		{FAFCC060-A797-471B-B460-6F6C1FDF21B2}.Release|Any CPU.ActiveCfg = Release|iPhoneSimulator
		{FAFCC060-A797-471B-B460-6F6C1FDF21B2}.Release|iPhone.ActiveCfg = Release|iPhone
		{FAFCC060-A797-471B-B460-6F6C1FDF21B2}.Release|iPhone.Build.0 = Release|iPhone
		{FAFCC060-A797-471B-B460-6F6C1FDF21B2}.Release|iPhoneSimulator.ActiveCfg = Release|iPhoneSimulator
		{FAFCC060-A797-471B-B460-6F6C1FDF21B2}.Release|iPhoneSimulator.Build.0 = Release|iPhoneSimulator
		{7679E83D-7101-4D45-89A9-8B059CBE7B01}.Debug|Any CPU.ActiveCfg = Debug|Any CPU
		{7679E83D-7101-4D45-89A9-8B059CBE7B01}.Debug|Any CPU.Build.0 = Debug|Any CPU
		{7679E83D-7101-4D45-89A9-8B059CBE7B01}.Debug|Any CPU.Deploy.0 = Debug|Any CPU
		{7679E83D-7101-4D45-89A9-8B059CBE7B01}.Debug|iPhone.ActiveCfg = Debug|Any CPU
		{7679E83D-7101-4D45-89A9-8B059CBE7B01}.Debug|iPhone.Build.0 = Debug|Any CPU
		{7679E83D-7101-4D45-89A9-8B059CBE7B01}.Debug|iPhoneSimulator.ActiveCfg = Debug|Any CPU
		{7679E83D-7101-4D45-89A9-8B059CBE7B01}.Debug|iPhoneSimulator.Build.0 = Debug|Any CPU
		{7679E83D-7101-4D45-89A9-8B059CBE7B01}.Release|Any CPU.ActiveCfg = Release|Any CPU
		{7679E83D-7101-4D45-89A9-8B059CBE7B01}.Release|Any CPU.Build.0 = Release|Any CPU
		{7679E83D-7101-4D45-89A9-8B059CBE7B01}.Release|Any CPU.Deploy.0 = Release|Any CPU
		{7679E83D-7101-4D45-89A9-8B059CBE7B01}.Release|iPhone.ActiveCfg = Release|Any CPU
		{7679E83D-7101-4D45-89A9-8B059CBE7B01}.Release|iPhone.Build.0 = Release|Any CPU
		{7679E83D-7101-4D45-89A9-8B059CBE7B01}.Release|iPhoneSimulator.ActiveCfg = Release|Any CPU
		{7679E83D-7101-4D45-89A9-8B059CBE7B01}.Release|iPhoneSimulator.Build.0 = Release|Any CPU
		{71FF347C-68E8-4469-A644-BBC20A19DD6B}.Debug|Any CPU.ActiveCfg = Debug|Any CPU
		{71FF347C-68E8-4469-A644-BBC20A19DD6B}.Debug|Any CPU.Build.0 = Debug|Any CPU
		{71FF347C-68E8-4469-A644-BBC20A19DD6B}.Debug|iPhone.ActiveCfg = Debug|Any CPU
		{71FF347C-68E8-4469-A644-BBC20A19DD6B}.Debug|iPhone.Build.0 = Debug|Any CPU
		{71FF347C-68E8-4469-A644-BBC20A19DD6B}.Debug|iPhoneSimulator.ActiveCfg = Debug|Any CPU
		{71FF347C-68E8-4469-A644-BBC20A19DD6B}.Debug|iPhoneSimulator.Build.0 = Debug|Any CPU
		{71FF347C-68E8-4469-A644-BBC20A19DD6B}.Release|Any CPU.ActiveCfg = Release|Any CPU
		{71FF347C-68E8-4469-A644-BBC20A19DD6B}.Release|Any CPU.Build.0 = Release|Any CPU
		{71FF347C-68E8-4469-A644-BBC20A19DD6B}.Release|iPhone.ActiveCfg = Release|Any CPU
		{71FF347C-68E8-4469-A644-BBC20A19DD6B}.Release|iPhone.Build.0 = Release|Any CPU
		{71FF347C-68E8-4469-A644-BBC20A19DD6B}.Release|iPhoneSimulator.ActiveCfg = Release|Any CPU
		{71FF347C-68E8-4469-A644-BBC20A19DD6B}.Release|iPhoneSimulator.Build.0 = Release|Any CPU
		{E9B6060E-8A4C-4208-AEC1-8EA427722206}.Debug|Any CPU.ActiveCfg = Debug|iPhoneSimulator
		{E9B6060E-8A4C-4208-AEC1-8EA427722206}.Debug|iPhone.ActiveCfg = Debug|iPhone
		{E9B6060E-8A4C-4208-AEC1-8EA427722206}.Debug|iPhone.Build.0 = Debug|iPhone
		{E9B6060E-8A4C-4208-AEC1-8EA427722206}.Debug|iPhoneSimulator.ActiveCfg = Debug|iPhoneSimulator
		{E9B6060E-8A4C-4208-AEC1-8EA427722206}.Debug|iPhoneSimulator.Build.0 = Debug|iPhoneSimulator
		{E9B6060E-8A4C-4208-AEC1-8EA427722206}.Release|Any CPU.ActiveCfg = Release|iPhoneSimulator
		{E9B6060E-8A4C-4208-AEC1-8EA427722206}.Release|iPhone.ActiveCfg = Release|iPhone
		{E9B6060E-8A4C-4208-AEC1-8EA427722206}.Release|iPhone.Build.0 = Release|iPhone
		{E9B6060E-8A4C-4208-AEC1-8EA427722206}.Release|iPhoneSimulator.ActiveCfg = Release|iPhoneSimulator
		{E9B6060E-8A4C-4208-AEC1-8EA427722206}.Release|iPhoneSimulator.Build.0 = Release|iPhoneSimulator
		{5B004A6D-C9B0-4B61-896A-B09E5070BA65}.Debug|Any CPU.ActiveCfg = Debug|iPhoneSimulator
		{5B004A6D-C9B0-4B61-896A-B09E5070BA65}.Debug|iPhone.ActiveCfg = Debug|iPhone
		{5B004A6D-C9B0-4B61-896A-B09E5070BA65}.Debug|iPhone.Build.0 = Debug|iPhone
		{5B004A6D-C9B0-4B61-896A-B09E5070BA65}.Debug|iPhoneSimulator.ActiveCfg = Debug|iPhoneSimulator
		{5B004A6D-C9B0-4B61-896A-B09E5070BA65}.Debug|iPhoneSimulator.Build.0 = Debug|iPhoneSimulator
		{5B004A6D-C9B0-4B61-896A-B09E5070BA65}.Release|Any CPU.ActiveCfg = Release|iPhoneSimulator
		{5B004A6D-C9B0-4B61-896A-B09E5070BA65}.Release|iPhone.ActiveCfg = Release|iPhone
		{5B004A6D-C9B0-4B61-896A-B09E5070BA65}.Release|iPhone.Build.0 = Release|iPhone
		{5B004A6D-C9B0-4B61-896A-B09E5070BA65}.Release|iPhoneSimulator.ActiveCfg = Release|iPhoneSimulator
		{5B004A6D-C9B0-4B61-896A-B09E5070BA65}.Release|iPhoneSimulator.Build.0 = Release|iPhoneSimulator
		{527D52F0-9B2B-44F8-A5C7-EF5549A7C079}.Debug|Any CPU.ActiveCfg = Debug|Any CPU
		{527D52F0-9B2B-44F8-A5C7-EF5549A7C079}.Debug|Any CPU.Build.0 = Debug|Any CPU
		{527D52F0-9B2B-44F8-A5C7-EF5549A7C079}.Debug|Any CPU.Deploy.0 = Debug|Any CPU
		{527D52F0-9B2B-44F8-A5C7-EF5549A7C079}.Debug|iPhone.ActiveCfg = Debug|Any CPU
		{527D52F0-9B2B-44F8-A5C7-EF5549A7C079}.Debug|iPhone.Build.0 = Debug|Any CPU
		{527D52F0-9B2B-44F8-A5C7-EF5549A7C079}.Debug|iPhoneSimulator.ActiveCfg = Debug|Any CPU
		{527D52F0-9B2B-44F8-A5C7-EF5549A7C079}.Debug|iPhoneSimulator.Build.0 = Debug|Any CPU
		{527D52F0-9B2B-44F8-A5C7-EF5549A7C079}.Release|Any CPU.ActiveCfg = Release|Any CPU
		{527D52F0-9B2B-44F8-A5C7-EF5549A7C079}.Release|Any CPU.Build.0 = Release|Any CPU
		{527D52F0-9B2B-44F8-A5C7-EF5549A7C079}.Release|Any CPU.Deploy.0 = Release|Any CPU
		{527D52F0-9B2B-44F8-A5C7-EF5549A7C079}.Release|iPhone.ActiveCfg = Release|Any CPU
		{527D52F0-9B2B-44F8-A5C7-EF5549A7C079}.Release|iPhone.Build.0 = Release|Any CPU
		{527D52F0-9B2B-44F8-A5C7-EF5549A7C079}.Release|iPhoneSimulator.ActiveCfg = Release|Any CPU
		{527D52F0-9B2B-44F8-A5C7-EF5549A7C079}.Release|iPhoneSimulator.Build.0 = Release|Any CPU
		{F46F66E7-C124-4CBA-917C-D300C21E47AE}.Debug|Any CPU.ActiveCfg = Debug|Any CPU
		{F46F66E7-C124-4CBA-917C-D300C21E47AE}.Debug|Any CPU.Build.0 = Debug|Any CPU
		{F46F66E7-C124-4CBA-917C-D300C21E47AE}.Debug|iPhone.ActiveCfg = Debug|Any CPU
		{F46F66E7-C124-4CBA-917C-D300C21E47AE}.Debug|iPhone.Build.0 = Debug|Any CPU
		{F46F66E7-C124-4CBA-917C-D300C21E47AE}.Debug|iPhoneSimulator.ActiveCfg = Debug|Any CPU
		{F46F66E7-C124-4CBA-917C-D300C21E47AE}.Debug|iPhoneSimulator.Build.0 = Debug|Any CPU
		{F46F66E7-C124-4CBA-917C-D300C21E47AE}.Release|Any CPU.ActiveCfg = Release|Any CPU
		{F46F66E7-C124-4CBA-917C-D300C21E47AE}.Release|Any CPU.Build.0 = Release|Any CPU
		{F46F66E7-C124-4CBA-917C-D300C21E47AE}.Release|iPhone.ActiveCfg = Release|Any CPU
		{F46F66E7-C124-4CBA-917C-D300C21E47AE}.Release|iPhone.Build.0 = Release|Any CPU
		{F46F66E7-C124-4CBA-917C-D300C21E47AE}.Release|iPhoneSimulator.ActiveCfg = Release|Any CPU
		{F46F66E7-C124-4CBA-917C-D300C21E47AE}.Release|iPhoneSimulator.Build.0 = Release|Any CPU
		{62EC17FF-FF0F-4829-9A40-518C501F5AB9}.Debug|Any CPU.ActiveCfg = Debug|Any CPU
		{62EC17FF-FF0F-4829-9A40-518C501F5AB9}.Debug|Any CPU.Build.0 = Debug|Any CPU
		{62EC17FF-FF0F-4829-9A40-518C501F5AB9}.Debug|iPhone.ActiveCfg = Debug|Any CPU
		{62EC17FF-FF0F-4829-9A40-518C501F5AB9}.Debug|iPhone.Build.0 = Debug|Any CPU
		{62EC17FF-FF0F-4829-9A40-518C501F5AB9}.Debug|iPhoneSimulator.ActiveCfg = Debug|Any CPU
		{62EC17FF-FF0F-4829-9A40-518C501F5AB9}.Debug|iPhoneSimulator.Build.0 = Debug|Any CPU
		{62EC17FF-FF0F-4829-9A40-518C501F5AB9}.Release|Any CPU.ActiveCfg = Release|Any CPU
		{62EC17FF-FF0F-4829-9A40-518C501F5AB9}.Release|Any CPU.Build.0 = Release|Any CPU
		{62EC17FF-FF0F-4829-9A40-518C501F5AB9}.Release|iPhone.ActiveCfg = Release|Any CPU
		{62EC17FF-FF0F-4829-9A40-518C501F5AB9}.Release|iPhone.Build.0 = Release|Any CPU
		{62EC17FF-FF0F-4829-9A40-518C501F5AB9}.Release|iPhoneSimulator.ActiveCfg = Release|Any CPU
		{62EC17FF-FF0F-4829-9A40-518C501F5AB9}.Release|iPhoneSimulator.Build.0 = Release|Any CPU
		{95664E56-EA3E-4A87-A257-4DCB51147162}.Debug|Any CPU.ActiveCfg = Debug|Any CPU
		{95664E56-EA3E-4A87-A257-4DCB51147162}.Debug|Any CPU.Build.0 = Debug|Any CPU
		{95664E56-EA3E-4A87-A257-4DCB51147162}.Debug|iPhone.ActiveCfg = Debug|Any CPU
		{95664E56-EA3E-4A87-A257-4DCB51147162}.Debug|iPhone.Build.0 = Debug|Any CPU
		{95664E56-EA3E-4A87-A257-4DCB51147162}.Debug|iPhoneSimulator.ActiveCfg = Debug|Any CPU
		{95664E56-EA3E-4A87-A257-4DCB51147162}.Debug|iPhoneSimulator.Build.0 = Debug|Any CPU
		{95664E56-EA3E-4A87-A257-4DCB51147162}.Release|Any CPU.ActiveCfg = Release|Any CPU
		{95664E56-EA3E-4A87-A257-4DCB51147162}.Release|Any CPU.Build.0 = Release|Any CPU
		{95664E56-EA3E-4A87-A257-4DCB51147162}.Release|iPhone.ActiveCfg = Release|Any CPU
		{95664E56-EA3E-4A87-A257-4DCB51147162}.Release|iPhone.Build.0 = Release|Any CPU
		{95664E56-EA3E-4A87-A257-4DCB51147162}.Release|iPhoneSimulator.ActiveCfg = Release|Any CPU
		{95664E56-EA3E-4A87-A257-4DCB51147162}.Release|iPhoneSimulator.Build.0 = Release|Any CPU
		{841B1DC9-8C0D-4AFD-9713-4B17FEDD0EAF}.Debug|Any CPU.ActiveCfg = Debug|iPhoneSimulator
		{841B1DC9-8C0D-4AFD-9713-4B17FEDD0EAF}.Debug|iPhone.ActiveCfg = Debug|iPhone
		{841B1DC9-8C0D-4AFD-9713-4B17FEDD0EAF}.Debug|iPhone.Build.0 = Debug|iPhone
		{841B1DC9-8C0D-4AFD-9713-4B17FEDD0EAF}.Debug|iPhoneSimulator.ActiveCfg = Debug|iPhoneSimulator
		{841B1DC9-8C0D-4AFD-9713-4B17FEDD0EAF}.Debug|iPhoneSimulator.Build.0 = Debug|iPhoneSimulator
		{841B1DC9-8C0D-4AFD-9713-4B17FEDD0EAF}.Release|Any CPU.ActiveCfg = Release|iPhoneSimulator
		{841B1DC9-8C0D-4AFD-9713-4B17FEDD0EAF}.Release|iPhone.ActiveCfg = Release|iPhone
		{841B1DC9-8C0D-4AFD-9713-4B17FEDD0EAF}.Release|iPhone.Build.0 = Release|iPhone
		{841B1DC9-8C0D-4AFD-9713-4B17FEDD0EAF}.Release|iPhoneSimulator.ActiveCfg = Release|iPhoneSimulator
		{841B1DC9-8C0D-4AFD-9713-4B17FEDD0EAF}.Release|iPhoneSimulator.Build.0 = Release|iPhoneSimulator
		{4AF12AA0-126F-4BEE-A436-108FC401C33E}.Debug|Any CPU.ActiveCfg = Debug|Any CPU
		{4AF12AA0-126F-4BEE-A436-108FC401C33E}.Debug|Any CPU.Build.0 = Debug|Any CPU
		{4AF12AA0-126F-4BEE-A436-108FC401C33E}.Debug|iPhone.ActiveCfg = Debug|Any CPU
		{4AF12AA0-126F-4BEE-A436-108FC401C33E}.Debug|iPhone.Build.0 = Debug|Any CPU
		{4AF12AA0-126F-4BEE-A436-108FC401C33E}.Debug|iPhoneSimulator.ActiveCfg = Debug|Any CPU
		{4AF12AA0-126F-4BEE-A436-108FC401C33E}.Debug|iPhoneSimulator.Build.0 = Debug|Any CPU
		{4AF12AA0-126F-4BEE-A436-108FC401C33E}.Release|Any CPU.ActiveCfg = Release|Any CPU
		{4AF12AA0-126F-4BEE-A436-108FC401C33E}.Release|Any CPU.Build.0 = Release|Any CPU
		{4AF12AA0-126F-4BEE-A436-108FC401C33E}.Release|iPhone.ActiveCfg = Release|Any CPU
		{4AF12AA0-126F-4BEE-A436-108FC401C33E}.Release|iPhone.Build.0 = Release|Any CPU
		{4AF12AA0-126F-4BEE-A436-108FC401C33E}.Release|iPhoneSimulator.ActiveCfg = Release|Any CPU
		{4AF12AA0-126F-4BEE-A436-108FC401C33E}.Release|iPhoneSimulator.Build.0 = Release|Any CPU
		{7124D8ED-EDAA-464C-90F8-A0FB8DEE5BB4}.Debug|Any CPU.ActiveCfg = Debug|Any CPU
		{7124D8ED-EDAA-464C-90F8-A0FB8DEE5BB4}.Debug|Any CPU.Build.0 = Debug|Any CPU
		{7124D8ED-EDAA-464C-90F8-A0FB8DEE5BB4}.Debug|iPhone.ActiveCfg = Debug|Any CPU
		{7124D8ED-EDAA-464C-90F8-A0FB8DEE5BB4}.Debug|iPhone.Build.0 = Debug|Any CPU
		{7124D8ED-EDAA-464C-90F8-A0FB8DEE5BB4}.Debug|iPhoneSimulator.ActiveCfg = Debug|Any CPU
		{7124D8ED-EDAA-464C-90F8-A0FB8DEE5BB4}.Debug|iPhoneSimulator.Build.0 = Debug|Any CPU
		{7124D8ED-EDAA-464C-90F8-A0FB8DEE5BB4}.Release|Any CPU.ActiveCfg = Release|Any CPU
		{7124D8ED-EDAA-464C-90F8-A0FB8DEE5BB4}.Release|Any CPU.Build.0 = Release|Any CPU
		{7124D8ED-EDAA-464C-90F8-A0FB8DEE5BB4}.Release|iPhone.ActiveCfg = Release|Any CPU
		{7124D8ED-EDAA-464C-90F8-A0FB8DEE5BB4}.Release|iPhone.Build.0 = Release|Any CPU
		{7124D8ED-EDAA-464C-90F8-A0FB8DEE5BB4}.Release|iPhoneSimulator.ActiveCfg = Release|Any CPU
		{7124D8ED-EDAA-464C-90F8-A0FB8DEE5BB4}.Release|iPhoneSimulator.Build.0 = Release|Any CPU
		{6E195125-8A57-4A40-B0AC-1575A43DB56E}.Debug|Any CPU.ActiveCfg = Debug|Any CPU
		{6E195125-8A57-4A40-B0AC-1575A43DB56E}.Debug|Any CPU.Build.0 = Debug|Any CPU
		{6E195125-8A57-4A40-B0AC-1575A43DB56E}.Debug|iPhone.ActiveCfg = Debug|Any CPU
		{6E195125-8A57-4A40-B0AC-1575A43DB56E}.Debug|iPhone.Build.0 = Debug|Any CPU
		{6E195125-8A57-4A40-B0AC-1575A43DB56E}.Debug|iPhoneSimulator.ActiveCfg = Debug|Any CPU
		{6E195125-8A57-4A40-B0AC-1575A43DB56E}.Debug|iPhoneSimulator.Build.0 = Debug|Any CPU
		{6E195125-8A57-4A40-B0AC-1575A43DB56E}.Release|Any CPU.ActiveCfg = Release|Any CPU
		{6E195125-8A57-4A40-B0AC-1575A43DB56E}.Release|Any CPU.Build.0 = Release|Any CPU
		{6E195125-8A57-4A40-B0AC-1575A43DB56E}.Release|iPhone.ActiveCfg = Release|Any CPU
		{6E195125-8A57-4A40-B0AC-1575A43DB56E}.Release|iPhone.Build.0 = Release|Any CPU
		{6E195125-8A57-4A40-B0AC-1575A43DB56E}.Release|iPhoneSimulator.ActiveCfg = Release|Any CPU
		{6E195125-8A57-4A40-B0AC-1575A43DB56E}.Release|iPhoneSimulator.Build.0 = Release|Any CPU
	EndGlobalSection
	GlobalSection(SolutionProperties) = preSolution
		HideSolutionNode = FALSE
	EndGlobalSection
	GlobalSection(NestedProjects) = preSolution
		{DD48F749-485F-4C37-AD28-24362AAFE62E} = {E91EC70F-0E0D-430F-BC3F-7B4E98F9CFA4}
		{E745B033-4422-4C8C-B34D-2401A00382A1} = {E91EC70F-0E0D-430F-BC3F-7B4E98F9CFA4}
		{4F15E09F-0E7D-4D37-A514-C74D6573825A} = {47F6BEB6-436B-411D-8EB5-BF7AC71A7756}
		{B0B86047-EF23-478E-87CA-E34B9FA2EF51} = {39FCFDDB-4997-4B81-B374-81E9EFD9B5B7}
		{7F74BC5B-4721-427E-AED9-715F437FC4A6} = {B0B86047-EF23-478E-87CA-E34B9FA2EF51}
		{7AC51993-2B3D-4CC8-9486-63BC3B2CDCD6} = {DC0FD7EE-5A6F-461C-9DEA-52CEF490EC43}
		{4B481BBC-B9F9-4636-A9F1-384E2818A319} = {47F6BEB6-436B-411D-8EB5-BF7AC71A7756}
		{E4F67FB2-ABEE-4D66-8CA6-E22FED1EF0D9} = {DC0FD7EE-5A6F-461C-9DEA-52CEF490EC43}
		{424FB004-7068-44D5-880E-CB76B7B8A653} = {47F6BEB6-436B-411D-8EB5-BF7AC71A7756}
		{47F6BEB6-436B-411D-8EB5-BF7AC71A7756} = {39FCFDDB-4997-4B81-B374-81E9EFD9B5B7}
		{DC0FD7EE-5A6F-461C-9DEA-52CEF490EC43} = {39FCFDDB-4997-4B81-B374-81E9EFD9B5B7}
		{38E3B2B5-2F4B-4319-BD34-172E15481E70} = {25B4A241-8232-4DE8-BF68-D00DB9702185}
		{CAC416BF-ACCC-441B-9A68-E41668C44A65} = {25B4A241-8232-4DE8-BF68-D00DB9702185}
		{25B4A241-8232-4DE8-BF68-D00DB9702185} = {39FCFDDB-4997-4B81-B374-81E9EFD9B5B7}
		{A883B11D-6FAE-4D9D-A806-82A8A2107132} = {39FCFDDB-4997-4B81-B374-81E9EFD9B5B7}
		{35DE1800-E06D-4B69-8F90-94143BBA6881} = {A883B11D-6FAE-4D9D-A806-82A8A2107132}
		{6195FF23-569F-42A2-84AE-4EB202501E7F} = {A883B11D-6FAE-4D9D-A806-82A8A2107132}
		{FAFCC060-A797-471B-B460-6F6C1FDF21B2} = {A883B11D-6FAE-4D9D-A806-82A8A2107132}
		{7679E83D-7101-4D45-89A9-8B059CBE7B01} = {35DE1800-E06D-4B69-8F90-94143BBA6881}
		{71FF347C-68E8-4469-A644-BBC20A19DD6B} = {35DE1800-E06D-4B69-8F90-94143BBA6881}
		{E9B6060E-8A4C-4208-AEC1-8EA427722206} = {35DE1800-E06D-4B69-8F90-94143BBA6881}
		{6B329756-CB8F-464F-84A3-0A3497247A53} = {39FCFDDB-4997-4B81-B374-81E9EFD9B5B7}
		{078424D3-E092-4080-B731-D3690B9B23F1} = {6B329756-CB8F-464F-84A3-0A3497247A53}
		{5B004A6D-C9B0-4B61-896A-B09E5070BA65} = {6B329756-CB8F-464F-84A3-0A3497247A53}
		{527D52F0-9B2B-44F8-A5C7-EF5549A7C079} = {6B329756-CB8F-464F-84A3-0A3497247A53}
		{F46F66E7-C124-4CBA-917C-D300C21E47AE} = {B0B86047-EF23-478E-87CA-E34B9FA2EF51}
		{62EC17FF-FF0F-4829-9A40-518C501F5AB9} = {A883B11D-6FAE-4D9D-A806-82A8A2107132}
		{95664E56-EA3E-4A87-A257-4DCB51147162} = {078424D3-E092-4080-B731-D3690B9B23F1}
		{841B1DC9-8C0D-4AFD-9713-4B17FEDD0EAF} = {078424D3-E092-4080-B731-D3690B9B23F1}
		{B2E1D413-C460-40CB-90BF-7E96428110C3} = {E91EC70F-0E0D-430F-BC3F-7B4E98F9CFA4}
		{4AF12AA0-126F-4BEE-A436-108FC401C33E} = {B2E1D413-C460-40CB-90BF-7E96428110C3}
		{7124D8ED-EDAA-464C-90F8-A0FB8DEE5BB4} = {B2E1D413-C460-40CB-90BF-7E96428110C3}
		{6E195125-8A57-4A40-B0AC-1575A43DB56E} = {B2E1D413-C460-40CB-90BF-7E96428110C3}
	EndGlobalSection
	GlobalSection(ExtensibilityGlobals) = postSolution
		SolutionGuid = {9AAF6E85-ABE1-49A6-8754-896867214FBF}
	EndGlobalSection
	GlobalSection(MonoDevelopProperties) = preSolution
		Policies = $0
		$0.NameConventionPolicy = $1
		$1.Rules = $2
		$2.NamingRule = $24
		$3.Name = Type Parameters
		$3.AffectedEntity = TypeParameter
		$3.VisibilityMask = VisibilityMask
		$3.NamingStyle = PascalCase
		$3.IncludeInstanceMembers = True
		$3.IncludeStaticEntities = True
		$3.RequiredPrefixes = $4
		$4.String = T
		$3.RequiredSuffixes = $5
		$5.String = Exception
		$6.Name = Types
		$6.AffectedEntity = Class, Struct, Enum, Delegate
		$6.VisibilityMask = Public
		$6.NamingStyle = PascalCase
		$6.IncludeInstanceMembers = True
		$6.IncludeStaticEntities = True
		$7.Name = Interfaces
		$7.RequiredPrefixes = $8
		$8.String = I
		$7.AffectedEntity = Interface
		$7.VisibilityMask = Public
		$7.NamingStyle = PascalCase
		$7.IncludeInstanceMembers = True
		$7.IncludeStaticEntities = True
		$9.Name = Attributes
		$9.RequiredSuffixes = $10
		$10.String = Attribute
		$9.AffectedEntity = CustomAttributes
		$9.VisibilityMask = Public
		$9.NamingStyle = PascalCase
		$9.IncludeInstanceMembers = True
		$9.IncludeStaticEntities = True
		$11.Name = Event Arguments
		$11.RequiredSuffixes = $12
		$12.String = EventArgs
		$11.AffectedEntity = CustomEventArgs
		$11.VisibilityMask = Public
		$11.NamingStyle = PascalCase
		$11.IncludeInstanceMembers = True
		$11.IncludeStaticEntities = True
		$13.Name = Exceptions
		$13.RequiredSuffixes = $14
		$14.String = Exception
		$13.AffectedEntity = CustomExceptions
		$13.VisibilityMask = VisibilityMask
		$13.NamingStyle = PascalCase
		$13.IncludeInstanceMembers = True
		$13.IncludeStaticEntities = True
		$15.Name = Methods
		$15.AffectedEntity = Methods
		$15.VisibilityMask = Protected, Public
		$15.NamingStyle = PascalCase
		$15.IncludeInstanceMembers = True
		$15.IncludeStaticEntities = True
		$16.Name = Static Readonly Fields
		$16.AffectedEntity = ReadonlyField
		$16.VisibilityMask = Protected, Public
		$16.NamingStyle = PascalCase
		$16.IncludeInstanceMembers = False
		$16.IncludeStaticEntities = True
		$17.Name = Fields
		$17.AffectedEntity = Field
		$17.VisibilityMask = Protected, Public
		$17.NamingStyle = PascalCase
		$17.IncludeInstanceMembers = True
		$17.IncludeStaticEntities = True
		$18.Name = ReadOnly Fields
		$18.AffectedEntity = ReadonlyField
		$18.VisibilityMask = Protected, Public
		$18.NamingStyle = PascalCase
		$18.IncludeInstanceMembers = True
		$18.IncludeStaticEntities = False
		$19.Name = Constant Fields
		$19.AffectedEntity = ConstantField
		$19.VisibilityMask = Protected, Public
		$19.NamingStyle = PascalCase
		$19.IncludeInstanceMembers = True
		$19.IncludeStaticEntities = True
		$20.Name = Properties
		$20.AffectedEntity = Property
		$20.VisibilityMask = Protected, Public
		$20.NamingStyle = PascalCase
		$20.IncludeInstanceMembers = True
		$20.IncludeStaticEntities = True
		$21.Name = Events
		$21.AffectedEntity = Event
		$21.VisibilityMask = Protected, Public
		$21.NamingStyle = PascalCase
		$21.IncludeInstanceMembers = True
		$21.IncludeStaticEntities = True
		$22.Name = Enum Members
		$22.AffectedEntity = EnumMember
		$22.VisibilityMask = VisibilityMask
		$22.NamingStyle = PascalCase
		$22.IncludeInstanceMembers = True
		$22.IncludeStaticEntities = True
		$23.Name = Parameters
		$23.AffectedEntity = Parameter
		$23.VisibilityMask = VisibilityMask
		$23.NamingStyle = CamelCase
		$23.IncludeInstanceMembers = True
		$23.IncludeStaticEntities = True
		$24.Name = Type Parameters
		$24.RequiredPrefixes = $25
		$25.String = T
		$24.AffectedEntity = TypeParameter
		$24.VisibilityMask = VisibilityMask
		$24.NamingStyle = PascalCase
		$24.IncludeInstanceMembers = True
		$24.IncludeStaticEntities = True
		$0.VersionControlPolicy = $26
		$0.DotNetNamingPolicy = $27
		$0.StandardHeader = $28
		$0.TextStylePolicy = $33
		$29.scope = text/plain
		$0.CSharpFormattingPolicy = $30
		$30.scope = text/x-csharp
		$31.inheritsSet = null
		$31.scope = application/xml
		$0.XmlFormattingPolicy = $32
		$32.scope = application/xml
		$33.TabsToSpaces = True
		$33.scope = text/x-csharp
		description = Settings for iOS or Android application
		version = 2.1
		outputpath = Bin
	EndGlobalSection
EndGlobal
