
Microsoft Visual Studio Solution File, Format Version 11.00
# Visual Studio 2010
Project("{2150E333-8FDC-42A3-9474-1A3956D46DE8}") = "PCL-iOS", "PCL-iOS", "{87116F75-01FE-49D8-B0EB-3B26958DD257}"
EndProject
Project("{FAE04EC0-301F-11D3-BF4B-00C04F79EFBC}") = "Sample.AdvexpSettings.App.iOS", "Samples\PCL-iOS\App\Sample.AdvexpSettings.App.iOS.csproj", "{3AC684FB-5B62-4296-94C6-417856939329}"
EndProject
Project("{FAE04EC0-301F-11D3-BF4B-00C04F79EFBC}") = "Sample.AdvexpSettings.Assembly.PCL", "Samples\PCL-iOS\Assembly\Sample.AdvexpSettings.Assembly.PCL.csproj", "{18594BDC-2E45-488A-92EB-0C6F8298A2D9}"
EndProject
Project("{2150E333-8FDC-42A3-9474-1A3956D46DE8}") = "JSONSettings", "JSONSettings", "{7C8AB455-09F5-4939-9AAD-B9CA3AE8C476}"
EndProject
Project("{FAE04EC0-301F-11D3-BF4B-00C04F79EFBC}") = "Sample.JSONSettings.Android", "Samples\JSONSettings\Android\Sample.JSONSettings.Android.csproj", "{E4F67FB2-ABEE-4D66-8CA6-E22FED1EF0D9}"
EndProject
Project("{FAE04EC0-301F-11D3-BF4B-00C04F79EFBC}") = "Sample.JSONSettings.iOS", "Samples\JSONSettings\iOS\Sample.JSONSettings.iOS.csproj", "{7AC51993-2B3D-4CC8-9486-63BC3B2CDCD6}"
EndProject
Project("{2150E333-8FDC-42A3-9474-1A3956D46DE8}") = "LocalSettings", "LocalSettings", "{BA567AAA-A730-43AF-9273-01B91A29830B}"
EndProject
Project("{FAE04EC0-301F-11D3-BF4B-00C04F79EFBC}") = "Sample.LocalSettings.Android", "Samples\LocalSettings\Android\Sample.LocalSettings.Android.csproj", "{4B481BBC-B9F9-4636-A9F1-384E2818A319}"
EndProject
Project("{FAE04EC0-301F-11D3-BF4B-00C04F79EFBC}") = "Sample.LocalSettings.iOS", "Samples\LocalSettings\iOS\Sample.LocalSettings.iOS.csproj", "{4F15E09F-0E7D-4D37-A514-C74D6573825A}"
EndProject
Global
	GlobalSection(SolutionConfigurationPlatforms) = preSolution
		Debug|iPhoneSimulator = Debug|iPhoneSimulator
		Release|iPhone = Release|iPhone
		Release|iPhoneSimulator = Release|iPhoneSimulator
		Debug|iPhone = Debug|iPhone
	EndGlobalSection
	GlobalSection(ProjectConfigurationPlatforms) = postSolution
		{18594BDC-2E45-488A-92EB-0C6F8298A2D9}.Debug|iPhone.ActiveCfg = Debug|Any CPU
		{18594BDC-2E45-488A-92EB-0C6F8298A2D9}.Debug|iPhone.Build.0 = Debug|Any CPU
		{18594BDC-2E45-488A-92EB-0C6F8298A2D9}.Debug|iPhoneSimulator.ActiveCfg = Debug|Any CPU
		{18594BDC-2E45-488A-92EB-0C6F8298A2D9}.Debug|iPhoneSimulator.Build.0 = Debug|Any CPU
		{18594BDC-2E45-488A-92EB-0C6F8298A2D9}.Release|iPhone.ActiveCfg = Release|Any CPU
		{18594BDC-2E45-488A-92EB-0C6F8298A2D9}.Release|iPhone.Build.0 = Release|Any CPU
		{18594BDC-2E45-488A-92EB-0C6F8298A2D9}.Release|iPhoneSimulator.ActiveCfg = Release|Any CPU
		{18594BDC-2E45-488A-92EB-0C6F8298A2D9}.Release|iPhoneSimulator.Build.0 = Release|Any CPU
		{3AC684FB-5B62-4296-94C6-417856939329}.Debug|iPhone.ActiveCfg = Debug|iPhone
		{3AC684FB-5B62-4296-94C6-417856939329}.Debug|iPhone.Build.0 = Debug|iPhone
		{3AC684FB-5B62-4296-94C6-417856939329}.Debug|iPhoneSimulator.ActiveCfg = Debug|iPhoneSimulator
		{3AC684FB-5B62-4296-94C6-417856939329}.Debug|iPhoneSimulator.Build.0 = Debug|iPhoneSimulator
		{3AC684FB-5B62-4296-94C6-417856939329}.Release|iPhone.ActiveCfg = Release|iPhone
		{3AC684FB-5B62-4296-94C6-417856939329}.Release|iPhone.Build.0 = Release|iPhone
		{3AC684FB-5B62-4296-94C6-417856939329}.Release|iPhoneSimulator.ActiveCfg = Release|iPhoneSimulator
		{3AC684FB-5B62-4296-94C6-417856939329}.Release|iPhoneSimulator.Build.0 = Release|iPhoneSimulator
		{4B481BBC-B9F9-4636-A9F1-384E2818A319}.Debug|iPhone.ActiveCfg = Debug|Any CPU
		{4B481BBC-B9F9-4636-A9F1-384E2818A319}.Debug|iPhone.Build.0 = Debug|Any CPU
		{4B481BBC-B9F9-4636-A9F1-384E2818A319}.Debug|iPhoneSimulator.ActiveCfg = Debug|Any CPU
		{4B481BBC-B9F9-4636-A9F1-384E2818A319}.Debug|iPhoneSimulator.Build.0 = Debug|Any CPU
		{4B481BBC-B9F9-4636-A9F1-384E2818A319}.Release|iPhone.ActiveCfg = Release|Any CPU
		{4B481BBC-B9F9-4636-A9F1-384E2818A319}.Release|iPhone.Build.0 = Release|Any CPU
		{4B481BBC-B9F9-4636-A9F1-384E2818A319}.Release|iPhoneSimulator.ActiveCfg = Release|Any CPU
		{4B481BBC-B9F9-4636-A9F1-384E2818A319}.Release|iPhoneSimulator.Build.0 = Release|Any CPU
		{4F15E09F-0E7D-4D37-A514-C74D6573825A}.Debug|iPhone.ActiveCfg = Debug|iPhone
		{4F15E09F-0E7D-4D37-A514-C74D6573825A}.Debug|iPhone.Build.0 = Debug|iPhone
		{4F15E09F-0E7D-4D37-A514-C74D6573825A}.Debug|iPhoneSimulator.ActiveCfg = Debug|iPhoneSimulator
		{4F15E09F-0E7D-4D37-A514-C74D6573825A}.Debug|iPhoneSimulator.Build.0 = Debug|iPhoneSimulator
		{4F15E09F-0E7D-4D37-A514-C74D6573825A}.Release|iPhone.ActiveCfg = Release|iPhone
		{4F15E09F-0E7D-4D37-A514-C74D6573825A}.Release|iPhone.Build.0 = Release|iPhone
		{4F15E09F-0E7D-4D37-A514-C74D6573825A}.Release|iPhoneSimulator.ActiveCfg = Release|iPhoneSimulator
		{4F15E09F-0E7D-4D37-A514-C74D6573825A}.Release|iPhoneSimulator.Build.0 = Release|iPhoneSimulator
		{7AC51993-2B3D-4CC8-9486-63BC3B2CDCD6}.Debug|iPhone.ActiveCfg = Debug|iPhone
		{7AC51993-2B3D-4CC8-9486-63BC3B2CDCD6}.Debug|iPhone.Build.0 = Debug|iPhone
		{7AC51993-2B3D-4CC8-9486-63BC3B2CDCD6}.Debug|iPhoneSimulator.ActiveCfg = Debug|iPhoneSimulator
		{7AC51993-2B3D-4CC8-9486-63BC3B2CDCD6}.Debug|iPhoneSimulator.Build.0 = Debug|iPhoneSimulator
		{7AC51993-2B3D-4CC8-9486-63BC3B2CDCD6}.Release|iPhone.ActiveCfg = Release|iPhone
		{7AC51993-2B3D-4CC8-9486-63BC3B2CDCD6}.Release|iPhone.Build.0 = Release|iPhone
		{7AC51993-2B3D-4CC8-9486-63BC3B2CDCD6}.Release|iPhoneSimulator.ActiveCfg = Release|iPhoneSimulator
		{7AC51993-2B3D-4CC8-9486-63BC3B2CDCD6}.Release|iPhoneSimulator.Build.0 = Release|iPhoneSimulator
		{E4F67FB2-ABEE-4D66-8CA6-E22FED1EF0D9}.Debug|iPhone.ActiveCfg = Debug|Any CPU
		{E4F67FB2-ABEE-4D66-8CA6-E22FED1EF0D9}.Debug|iPhone.Build.0 = Debug|Any CPU
		{E4F67FB2-ABEE-4D66-8CA6-E22FED1EF0D9}.Debug|iPhoneSimulator.ActiveCfg = Debug|Any CPU
		{E4F67FB2-ABEE-4D66-8CA6-E22FED1EF0D9}.Debug|iPhoneSimulator.Build.0 = Debug|Any CPU
		{E4F67FB2-ABEE-4D66-8CA6-E22FED1EF0D9}.Release|iPhone.ActiveCfg = Release|Any CPU
		{E4F67FB2-ABEE-4D66-8CA6-E22FED1EF0D9}.Release|iPhone.Build.0 = Release|Any CPU
		{E4F67FB2-ABEE-4D66-8CA6-E22FED1EF0D9}.Release|iPhoneSimulator.ActiveCfg = Release|Any CPU
		{E4F67FB2-ABEE-4D66-8CA6-E22FED1EF0D9}.Release|iPhoneSimulator.Build.0 = Release|Any CPU
	EndGlobalSection
	GlobalSection(NestedProjects) = preSolution
		{3AC684FB-5B62-4296-94C6-417856939329} = {87116F75-01FE-49D8-B0EB-3B26958DD257}
		{18594BDC-2E45-488A-92EB-0C6F8298A2D9} = {87116F75-01FE-49D8-B0EB-3B26958DD257}
		{E4F67FB2-ABEE-4D66-8CA6-E22FED1EF0D9} = {7C8AB455-09F5-4939-9AAD-B9CA3AE8C476}
		{7AC51993-2B3D-4CC8-9486-63BC3B2CDCD6} = {7C8AB455-09F5-4939-9AAD-B9CA3AE8C476}
		{4B481BBC-B9F9-4636-A9F1-384E2818A319} = {BA567AAA-A730-43AF-9273-01B91A29830B}
		{4F15E09F-0E7D-4D37-A514-C74D6573825A} = {BA567AAA-A730-43AF-9273-01B91A29830B}
	EndGlobalSection
EndGlobal
