
Microsoft Visual Studio Solution File, Format Version 11.00
# Visual Studio 2010
Project("{FAE04EC0-301F-11D3-BF4B-00C04F79EFBC}") = "SharpSerializer.PCL", "..\..\Advexp.Settings\SharpSerializer\SharpSerializer.PCL.csproj", "{25A1D22A-76E8-45CD-8634-04DF15CF37E8}"
EndProject
Project("{FAE04EC0-301F-11D3-BF4B-00C04F79EFBC}") = "Advexp.Settings.Utils.PCL", "..\..\Advexp.Settings\PCL.Utils\Advexp.Settings.Utils.PCL.csproj", "{8A697A13-71A1-46B1-93E5-1C42DF20BE1A}"
EndProject
Project("{FAE04EC0-301F-11D3-BF4B-00C04F79EFBC}") = "Advexp.Settings.PCL", "..\..\Advexp.Settings\PCL\Advexp.Settings.PCL.csproj", "{0FD6F8DD-B2E4-4783-8666-ACE191E541A5}"
EndProject
Project("{FAE04EC0-301F-11D3-BF4B-00C04F79EFBC}") = "Advexp.Settings.iOS", "..\..\Advexp.Settings\iOS\Advexp.Settings.iOS.csproj", "{DBF0F3DD-904A-462F-A24C-83BAEABC4D94}"
EndProject
Project("{FAE04EC0-301F-11D3-BF4B-00C04F79EFBC}") = "Plugin.JSONSettings.PCL", "..\..\Advexp.Settings\Plugins\JSONSettings\Plugin.JSONSettings.PCL.csproj", "{150F8545-A3DC-4ED0-B279-D6223666905A}"
EndProject
Project("{FAE04EC0-301F-11D3-BF4B-00C04F79EFBC}") = "Sample.AdvexpSettings.Assembly.PCL", "Assembly\Sample.AdvexpSettings.Assembly.PCL.csproj", "{18594BDC-2E45-488A-92EB-0C6F8298A2D9}"
EndProject
Project("{FAE04EC0-301F-11D3-BF4B-00C04F79EFBC}") = "Sample.AdvexpSettings.App.iOS", "App\Sample.AdvexpSettings.App.iOS.csproj", "{3AC684FB-5B62-4296-94C6-417856939329}"
EndProject
Global
	GlobalSection(SolutionConfigurationPlatforms) = preSolution
		Debug|iPhoneSimulator = Debug|iPhoneSimulator
		Release|iPhoneSimulator = Release|iPhoneSimulator
		Debug|iPhone = Debug|iPhone
		Release|iPhone = Release|iPhone
	EndGlobalSection
	GlobalSection(ProjectConfigurationPlatforms) = postSolution
		{0FD6F8DD-B2E4-4783-8666-ACE191E541A5}.Debug|iPhone.ActiveCfg = Release - Component|Any CPU
		{0FD6F8DD-B2E4-4783-8666-ACE191E541A5}.Debug|iPhone.Build.0 = Release - Component|Any CPU
		{0FD6F8DD-B2E4-4783-8666-ACE191E541A5}.Debug|iPhoneSimulator.ActiveCfg = Release - Component|Any CPU
		{0FD6F8DD-B2E4-4783-8666-ACE191E541A5}.Debug|iPhoneSimulator.Build.0 = Release - Component|Any CPU
		{0FD6F8DD-B2E4-4783-8666-ACE191E541A5}.Release|iPhone.ActiveCfg = Release - Component|Any CPU
		{0FD6F8DD-B2E4-4783-8666-ACE191E541A5}.Release|iPhone.Build.0 = Release - Component|Any CPU
		{0FD6F8DD-B2E4-4783-8666-ACE191E541A5}.Release|iPhoneSimulator.ActiveCfg = Release - Component|Any CPU
		{0FD6F8DD-B2E4-4783-8666-ACE191E541A5}.Release|iPhoneSimulator.Build.0 = Release - Component|Any CPU
		{150F8545-A3DC-4ED0-B279-D6223666905A}.Debug|iPhone.ActiveCfg = Release|Any CPU
		{150F8545-A3DC-4ED0-B279-D6223666905A}.Debug|iPhone.Build.0 = Release|Any CPU
		{150F8545-A3DC-4ED0-B279-D6223666905A}.Debug|iPhoneSimulator.ActiveCfg = Release|Any CPU
		{150F8545-A3DC-4ED0-B279-D6223666905A}.Debug|iPhoneSimulator.Build.0 = Release|Any CPU
		{150F8545-A3DC-4ED0-B279-D6223666905A}.Release|iPhone.ActiveCfg = Release|Any CPU
		{150F8545-A3DC-4ED0-B279-D6223666905A}.Release|iPhone.Build.0 = Release|Any CPU
		{150F8545-A3DC-4ED0-B279-D6223666905A}.Release|iPhoneSimulator.ActiveCfg = Release|Any CPU
		{150F8545-A3DC-4ED0-B279-D6223666905A}.Release|iPhoneSimulator.Build.0 = Release|Any CPU
		{18594BDC-2E45-488A-92EB-0C6F8298A2D9}.Debug|iPhone.ActiveCfg = Debug|Any CPU
		{18594BDC-2E45-488A-92EB-0C6F8298A2D9}.Debug|iPhone.Build.0 = Debug|Any CPU
		{18594BDC-2E45-488A-92EB-0C6F8298A2D9}.Debug|iPhoneSimulator.ActiveCfg = Debug|Any CPU
		{18594BDC-2E45-488A-92EB-0C6F8298A2D9}.Debug|iPhoneSimulator.Build.0 = Debug|Any CPU
		{18594BDC-2E45-488A-92EB-0C6F8298A2D9}.Release|iPhone.ActiveCfg = Release|Any CPU
		{18594BDC-2E45-488A-92EB-0C6F8298A2D9}.Release|iPhone.Build.0 = Release|Any CPU
		{18594BDC-2E45-488A-92EB-0C6F8298A2D9}.Release|iPhoneSimulator.ActiveCfg = Release|Any CPU
		{18594BDC-2E45-488A-92EB-0C6F8298A2D9}.Release|iPhoneSimulator.Build.0 = Release|Any CPU
		{25A1D22A-76E8-45CD-8634-04DF15CF37E8}.Debug|iPhone.ActiveCfg = Release|Any CPU
		{25A1D22A-76E8-45CD-8634-04DF15CF37E8}.Debug|iPhone.Build.0 = Release|Any CPU
		{25A1D22A-76E8-45CD-8634-04DF15CF37E8}.Debug|iPhoneSimulator.ActiveCfg = Release|Any CPU
		{25A1D22A-76E8-45CD-8634-04DF15CF37E8}.Debug|iPhoneSimulator.Build.0 = Release|Any CPU
		{25A1D22A-76E8-45CD-8634-04DF15CF37E8}.Release|iPhone.ActiveCfg = Release|Any CPU
		{25A1D22A-76E8-45CD-8634-04DF15CF37E8}.Release|iPhone.Build.0 = Release|Any CPU
		{25A1D22A-76E8-45CD-8634-04DF15CF37E8}.Release|iPhoneSimulator.ActiveCfg = Release|Any CPU
		{25A1D22A-76E8-45CD-8634-04DF15CF37E8}.Release|iPhoneSimulator.Build.0 = Release|Any CPU
		{3AC684FB-5B62-4296-94C6-417856939329}.Debug|iPhone.ActiveCfg = Debug|iPhone
		{3AC684FB-5B62-4296-94C6-417856939329}.Debug|iPhone.Build.0 = Debug|iPhone
		{3AC684FB-5B62-4296-94C6-417856939329}.Debug|iPhoneSimulator.ActiveCfg = Debug|iPhoneSimulator
		{3AC684FB-5B62-4296-94C6-417856939329}.Debug|iPhoneSimulator.Build.0 = Debug|iPhoneSimulator
		{3AC684FB-5B62-4296-94C6-417856939329}.Release|iPhone.ActiveCfg = Release|iPhone
		{3AC684FB-5B62-4296-94C6-417856939329}.Release|iPhone.Build.0 = Release|iPhone
		{3AC684FB-5B62-4296-94C6-417856939329}.Release|iPhoneSimulator.ActiveCfg = Release|iPhoneSimulator
		{3AC684FB-5B62-4296-94C6-417856939329}.Release|iPhoneSimulator.Build.0 = Release|iPhoneSimulator
		{8A697A13-71A1-46B1-93E5-1C42DF20BE1A}.Debug|iPhone.ActiveCfg = Release - Component|Any CPU
		{8A697A13-71A1-46B1-93E5-1C42DF20BE1A}.Debug|iPhone.Build.0 = Release - Component|Any CPU
		{8A697A13-71A1-46B1-93E5-1C42DF20BE1A}.Debug|iPhoneSimulator.ActiveCfg = Release - Component|Any CPU
		{8A697A13-71A1-46B1-93E5-1C42DF20BE1A}.Debug|iPhoneSimulator.Build.0 = Release - Component|Any CPU
		{8A697A13-71A1-46B1-93E5-1C42DF20BE1A}.Release|iPhone.ActiveCfg = Release - Component|Any CPU
		{8A697A13-71A1-46B1-93E5-1C42DF20BE1A}.Release|iPhone.Build.0 = Release - Component|Any CPU
		{8A697A13-71A1-46B1-93E5-1C42DF20BE1A}.Release|iPhoneSimulator.ActiveCfg = Release - Component|Any CPU
		{8A697A13-71A1-46B1-93E5-1C42DF20BE1A}.Release|iPhoneSimulator.Build.0 = Release - Component|Any CPU
		{DBF0F3DD-904A-462F-A24C-83BAEABC4D94}.Debug|iPhone.ActiveCfg = Release - Component|Any CPU
		{DBF0F3DD-904A-462F-A24C-83BAEABC4D94}.Debug|iPhone.Build.0 = Release - Component|Any CPU
		{DBF0F3DD-904A-462F-A24C-83BAEABC4D94}.Debug|iPhoneSimulator.ActiveCfg = Release - Component|Any CPU
		{DBF0F3DD-904A-462F-A24C-83BAEABC4D94}.Debug|iPhoneSimulator.Build.0 = Release - Component|Any CPU
		{DBF0F3DD-904A-462F-A24C-83BAEABC4D94}.Release|iPhone.ActiveCfg = Release - Component|Any CPU
		{DBF0F3DD-904A-462F-A24C-83BAEABC4D94}.Release|iPhone.Build.0 = Release - Component|Any CPU
		{DBF0F3DD-904A-462F-A24C-83BAEABC4D94}.Release|iPhoneSimulator.ActiveCfg = Release - Component|Any CPU
		{DBF0F3DD-904A-462F-A24C-83BAEABC4D94}.Release|iPhoneSimulator.Build.0 = Release - Component|Any CPU
	EndGlobalSection
	GlobalSection(MonoDevelopProperties) = preSolution
		BaseDirectory = ..
	EndGlobalSection
EndGlobal
