
Microsoft Visual Studio Solution File, Format Version 11.00
# Visual Studio 2010
Project("{FAE04EC0-301F-11D3-BF4B-00C04F79EFBC}") = "Sample.LocalSettings.iOS", "Sample.LocalSettings.iOS.csproj", "{4F15E09F-0E7D-4D37-A514-C74D6573825A}"
EndProject
Project("{FAE04EC0-301F-11D3-BF4B-00C04F79EFBC}") = "Advexp.Settings.iOS", "..\..\..\Advexp.Settings\iOS\Advexp.Settings.iOS.csproj", "{DBF0F3DD-904A-462F-A24C-83BAEABC4D94}"
EndProject
Project("{FAE04EC0-301F-11D3-BF4B-00C04F79EFBC}") = "Advexp.Settings.Utils.PCL", "..\..\..\Advexp.Settings\PCL.Utils\Advexp.Settings.Utils.PCL.csproj", "{8A697A13-71A1-46B1-93E5-1C42DF20BE1A}"
EndProject
Project("{FAE04EC0-301F-11D3-BF4B-00C04F79EFBC}") = "SharpSerializer.PCL", "..\..\..\Advexp.Settings\SharpSerializer\SharpSerializer.PCL.csproj", "{25A1D22A-76E8-45CD-8634-04DF15CF37E8}"
EndProject
Global
	GlobalSection(SolutionConfigurationPlatforms) = preSolution
		Debug|iPhoneSimulator = Debug|iPhoneSimulator
		Release|iPhoneSimulator = Release|iPhoneSimulator
		Debug|iPhone = Debug|iPhone
		Release|iPhone = Release|iPhone
	EndGlobalSection
	GlobalSection(ProjectConfigurationPlatforms) = postSolution
		{25A1D22A-76E8-45CD-8634-04DF15CF37E8}.Debug|iPhone.ActiveCfg = Release|Any CPU
		{25A1D22A-76E8-45CD-8634-04DF15CF37E8}.Debug|iPhone.Build.0 = Release|Any CPU
		{25A1D22A-76E8-45CD-8634-04DF15CF37E8}.Debug|iPhoneSimulator.ActiveCfg = Release|Any CPU
		{25A1D22A-76E8-45CD-8634-04DF15CF37E8}.Debug|iPhoneSimulator.Build.0 = Release|Any CPU
		{25A1D22A-76E8-45CD-8634-04DF15CF37E8}.Release|iPhone.ActiveCfg = Release|Any CPU
		{25A1D22A-76E8-45CD-8634-04DF15CF37E8}.Release|iPhone.Build.0 = Release|Any CPU
		{25A1D22A-76E8-45CD-8634-04DF15CF37E8}.Release|iPhoneSimulator.ActiveCfg = Release|Any CPU
		{25A1D22A-76E8-45CD-8634-04DF15CF37E8}.Release|iPhoneSimulator.Build.0 = Release|Any CPU
		{4F15E09F-0E7D-4D37-A514-C74D6573825A}.Debug|iPhone.ActiveCfg = Debug|iPhone
		{4F15E09F-0E7D-4D37-A514-C74D6573825A}.Debug|iPhone.Build.0 = Debug|iPhone
		{4F15E09F-0E7D-4D37-A514-C74D6573825A}.Debug|iPhoneSimulator.ActiveCfg = Debug|iPhoneSimulator
		{4F15E09F-0E7D-4D37-A514-C74D6573825A}.Debug|iPhoneSimulator.Build.0 = Debug|iPhoneSimulator
		{4F15E09F-0E7D-4D37-A514-C74D6573825A}.Release|iPhone.ActiveCfg = Release|iPhone
		{4F15E09F-0E7D-4D37-A514-C74D6573825A}.Release|iPhone.Build.0 = Release|iPhone
		{4F15E09F-0E7D-4D37-A514-C74D6573825A}.Release|iPhoneSimulator.ActiveCfg = Release|iPhoneSimulator
		{4F15E09F-0E7D-4D37-A514-C74D6573825A}.Release|iPhoneSimulator.Build.0 = Release|iPhoneSimulator
		{8A697A13-71A1-46B1-93E5-1C42DF20BE1A}.Debug|iPhone.ActiveCfg = Release - Component|Any CPU
		{8A697A13-71A1-46B1-93E5-1C42DF20BE1A}.Debug|iPhone.Build.0 = Release - Component|Any CPU
		{8A697A13-71A1-46B1-93E5-1C42DF20BE1A}.Debug|iPhoneSimulator.ActiveCfg = Release - Component|Any CPU
		{8A697A13-71A1-46B1-93E5-1C42DF20BE1A}.Debug|iPhoneSimulator.Build.0 = Release - Component|Any CPU
		{8A697A13-71A1-46B1-93E5-1C42DF20BE1A}.Release|iPhone.ActiveCfg = Release - Component|Any CPU
		{8A697A13-71A1-46B1-93E5-1C42DF20BE1A}.Release|iPhone.Build.0 = Release - Component|Any CPU
		{8A697A13-71A1-46B1-93E5-1C42DF20BE1A}.Release|iPhoneSimulator.ActiveCfg = Release - Component|Any CPU
		{8A697A13-71A1-46B1-93E5-1C42DF20BE1A}.Release|iPhoneSimulator.Build.0 = Release - Component|Any CPU
		{DBF0F3DD-904A-462F-A24C-83BAEABC4D94}.Debug|iPhone.ActiveCfg = Release - Component|Any CPU
		{DBF0F3DD-904A-462F-A24C-83BAEABC4D94}.Debug|iPhone.Build.0 = Release - Component|Any CPU
		{DBF0F3DD-904A-462F-A24C-83BAEABC4D94}.Debug|iPhoneSimulator.ActiveCfg = Release - Component|Any CPU
		{DBF0F3DD-904A-462F-A24C-83BAEABC4D94}.Debug|iPhoneSimulator.Build.0 = Release - Component|Any CPU
		{DBF0F3DD-904A-462F-A24C-83BAEABC4D94}.Release|iPhone.ActiveCfg = Release - Component|Any CPU
		{DBF0F3DD-904A-462F-A24C-83BAEABC4D94}.Release|iPhone.Build.0 = Release - Component|Any CPU
		{DBF0F3DD-904A-462F-A24C-83BAEABC4D94}.Release|iPhoneSimulator.ActiveCfg = Release - Component|Any CPU
		{DBF0F3DD-904A-462F-A24C-83BAEABC4D94}.Release|iPhoneSimulator.Build.0 = Release - Component|Any CPU
	EndGlobalSection
EndGlobal
