
Microsoft Visual Studio Solution File, Format Version 11.00
# Visual Studio 2010
Project("{FAE04EC0-301F-11D3-BF4B-00C04F79EFBC}") = "Sample.CognitoSyncSettings.iOS", "Sample.CognitoSyncSettings.iOS.csproj", "{FAFCC060-A797-471B-B460-6F6C1FDF21B2}"
EndProject
Project("{FAE04EC0-301F-11D3-BF4B-00C04F79EFBC}") = "SharpSerializer.PCL", "..\..\..\Advexp.Settings\SharpSerializer\SharpSerializer.PCL.csproj", "{25A1D22A-76E8-45CD-8634-04DF15CF37E8}"
EndProject
Project("{FAE04EC0-301F-11D3-BF4B-00C04F79EFBC}") = "Advexp.Settings.iOS", "..\..\..\Advexp.Settings\iOS\Advexp.Settings.iOS.csproj", "{DBF0F3DD-904A-462F-A24C-83BAEABC4D94}"
EndProject
Project("{FAE04EC0-301F-11D3-BF4B-00C04F79EFBC}") = "Advexp.Settings.Utils.PCL", "..\..\..\Advexp.Settings\PCL.Utils\Advexp.Settings.Utils.PCL.csproj", "{8A697A13-71A1-46B1-93E5-1C42DF20BE1A}"
EndProject
Project("{FAE04EC0-301F-11D3-BF4B-00C04F79EFBC}") = "Plugin.CognitoSyncSettings.PCL", "..\..\..\Advexp.Settings\Plugins\CognitoSyncSettings\Plugin.CognitoSyncSettings.PCL.csproj", "{517D1B56-97A1-4255-8E7E-A243E160182A}"
EndProject
Global
	GlobalSection(SolutionConfigurationPlatforms) = preSolution
		Debug|iPhoneSimulator = Debug|iPhoneSimulator
		Release|iPhone = Release|iPhone
		Release|iPhoneSimulator = Release|iPhoneSimulator
		Debug|iPhone = Debug|iPhone
		Release - Trial|Any CPU = Release - Trial|Any CPU
		Release - Component|Any CPU = Release - Component|Any CPU
		Release - TDD_Trial|Any CPU = Release - TDD_Trial|Any CPU
		Debug - TDD_Trial|Any CPU = Debug - TDD_Trial|Any CPU
		Debug - Trial|Any CPU = Debug - Trial|Any CPU
	EndGlobalSection
	GlobalSection(ProjectConfigurationPlatforms) = postSolution
		{25A1D22A-76E8-45CD-8634-04DF15CF37E8}.Debug|iPhone.ActiveCfg = Debug|Any CPU
		{25A1D22A-76E8-45CD-8634-04DF15CF37E8}.Debug|iPhone.Build.0 = Debug|Any CPU
		{25A1D22A-76E8-45CD-8634-04DF15CF37E8}.Debug|iPhoneSimulator.ActiveCfg = Debug|Any CPU
		{25A1D22A-76E8-45CD-8634-04DF15CF37E8}.Debug|iPhoneSimulator.Build.0 = Debug|Any CPU
		{25A1D22A-76E8-45CD-8634-04DF15CF37E8}.Release - Component|Any CPU.ActiveCfg = Debug|Any CPU
		{25A1D22A-76E8-45CD-8634-04DF15CF37E8}.Release - Component|Any CPU.Build.0 = Debug|Any CPU
		{25A1D22A-76E8-45CD-8634-04DF15CF37E8}.Release - Trial|Any CPU.ActiveCfg = Debug|Any CPU
		{25A1D22A-76E8-45CD-8634-04DF15CF37E8}.Release - Trial|Any CPU.Build.0 = Debug|Any CPU
		{25A1D22A-76E8-45CD-8634-04DF15CF37E8}.Release|iPhone.ActiveCfg = Release|Any CPU
		{25A1D22A-76E8-45CD-8634-04DF15CF37E8}.Release|iPhone.Build.0 = Release|Any CPU
		{25A1D22A-76E8-45CD-8634-04DF15CF37E8}.Release|iPhoneSimulator.ActiveCfg = Release|Any CPU
		{25A1D22A-76E8-45CD-8634-04DF15CF37E8}.Release|iPhoneSimulator.Build.0 = Release|Any CPU
		{25A1D22A-76E8-45CD-8634-04DF15CF37E8}.Release - TDD_Trial|Any CPU.ActiveCfg = Debug|Any CPU
		{25A1D22A-76E8-45CD-8634-04DF15CF37E8}.Release - TDD_Trial|Any CPU.Build.0 = Debug|Any CPU
		{25A1D22A-76E8-45CD-8634-04DF15CF37E8}.Debug - TDD_Trial|Any CPU.ActiveCfg = Debug|Any CPU
		{25A1D22A-76E8-45CD-8634-04DF15CF37E8}.Debug - TDD_Trial|Any CPU.Build.0 = Debug|Any CPU
		{25A1D22A-76E8-45CD-8634-04DF15CF37E8}.Debug - Trial|Any CPU.ActiveCfg = Debug|Any CPU
		{25A1D22A-76E8-45CD-8634-04DF15CF37E8}.Debug - Trial|Any CPU.Build.0 = Debug|Any CPU
		{FAFCC060-A797-471B-B460-6F6C1FDF21B2}.Debug|iPhone.ActiveCfg = Debug|iPhone
		{FAFCC060-A797-471B-B460-6F6C1FDF21B2}.Debug|iPhone.Build.0 = Debug|iPhone
		{FAFCC060-A797-471B-B460-6F6C1FDF21B2}.Debug|iPhoneSimulator.ActiveCfg = Debug|iPhoneSimulator
		{FAFCC060-A797-471B-B460-6F6C1FDF21B2}.Debug|iPhoneSimulator.Build.0 = Debug|iPhoneSimulator
		{FAFCC060-A797-471B-B460-6F6C1FDF21B2}.Release - Component|Any CPU.ActiveCfg = Debug|iPhoneSimulator
		{FAFCC060-A797-471B-B460-6F6C1FDF21B2}.Release - Component|Any CPU.Build.0 = Debug|iPhoneSimulator
		{FAFCC060-A797-471B-B460-6F6C1FDF21B2}.Release - Trial|Any CPU.ActiveCfg = Debug|iPhoneSimulator
		{FAFCC060-A797-471B-B460-6F6C1FDF21B2}.Release - Trial|Any CPU.Build.0 = Debug|iPhoneSimulator
		{FAFCC060-A797-471B-B460-6F6C1FDF21B2}.Release|iPhone.ActiveCfg = Release|iPhone
		{FAFCC060-A797-471B-B460-6F6C1FDF21B2}.Release|iPhone.Build.0 = Release|iPhone
		{FAFCC060-A797-471B-B460-6F6C1FDF21B2}.Release|iPhoneSimulator.ActiveCfg = Release|iPhoneSimulator
		{FAFCC060-A797-471B-B460-6F6C1FDF21B2}.Release|iPhoneSimulator.Build.0 = Release|iPhoneSimulator
		{FAFCC060-A797-471B-B460-6F6C1FDF21B2}.Release - TDD_Trial|Any CPU.ActiveCfg = Debug|iPhoneSimulator
		{FAFCC060-A797-471B-B460-6F6C1FDF21B2}.Release - TDD_Trial|Any CPU.Build.0 = Debug|iPhoneSimulator
		{FAFCC060-A797-471B-B460-6F6C1FDF21B2}.Debug - TDD_Trial|Any CPU.ActiveCfg = Debug|iPhoneSimulator
		{FAFCC060-A797-471B-B460-6F6C1FDF21B2}.Debug - TDD_Trial|Any CPU.Build.0 = Debug|iPhoneSimulator
		{FAFCC060-A797-471B-B460-6F6C1FDF21B2}.Debug - Trial|Any CPU.ActiveCfg = Debug|iPhoneSimulator
		{FAFCC060-A797-471B-B460-6F6C1FDF21B2}.Debug - Trial|Any CPU.Build.0 = Debug|iPhoneSimulator
		{DBF0F3DD-904A-462F-A24C-83BAEABC4D94}.Debug|iPhoneSimulator.ActiveCfg = Debug - TDD_Trial|Any CPU
		{DBF0F3DD-904A-462F-A24C-83BAEABC4D94}.Debug|iPhoneSimulator.Build.0 = Debug - TDD_Trial|Any CPU
		{DBF0F3DD-904A-462F-A24C-83BAEABC4D94}.Release|iPhone.ActiveCfg = Release - Trial|Any CPU
		{DBF0F3DD-904A-462F-A24C-83BAEABC4D94}.Release|iPhone.Build.0 = Release - Trial|Any CPU
		{DBF0F3DD-904A-462F-A24C-83BAEABC4D94}.Release|iPhoneSimulator.ActiveCfg = Release - Trial|Any CPU
		{DBF0F3DD-904A-462F-A24C-83BAEABC4D94}.Release|iPhoneSimulator.Build.0 = Release - Trial|Any CPU
		{DBF0F3DD-904A-462F-A24C-83BAEABC4D94}.Debug|iPhone.ActiveCfg = Debug - TDD_Trial|Any CPU
		{DBF0F3DD-904A-462F-A24C-83BAEABC4D94}.Debug|iPhone.Build.0 = Debug - TDD_Trial|Any CPU
		{DBF0F3DD-904A-462F-A24C-83BAEABC4D94}.Release - Trial|Any CPU.ActiveCfg = Release - Trial|Any CPU
		{DBF0F3DD-904A-462F-A24C-83BAEABC4D94}.Release - Trial|Any CPU.Build.0 = Release - Trial|Any CPU
		{DBF0F3DD-904A-462F-A24C-83BAEABC4D94}.Release - Component|Any CPU.ActiveCfg = Release - Component|Any CPU
		{DBF0F3DD-904A-462F-A24C-83BAEABC4D94}.Release - Component|Any CPU.Build.0 = Release - Component|Any CPU
		{DBF0F3DD-904A-462F-A24C-83BAEABC4D94}.Release - TDD_Trial|Any CPU.ActiveCfg = Release - TDD_Trial|Any CPU
		{DBF0F3DD-904A-462F-A24C-83BAEABC4D94}.Release - TDD_Trial|Any CPU.Build.0 = Release - TDD_Trial|Any CPU
		{DBF0F3DD-904A-462F-A24C-83BAEABC4D94}.Debug - TDD_Trial|Any CPU.ActiveCfg = Debug - TDD_Trial|Any CPU
		{DBF0F3DD-904A-462F-A24C-83BAEABC4D94}.Debug - TDD_Trial|Any CPU.Build.0 = Debug - TDD_Trial|Any CPU
		{DBF0F3DD-904A-462F-A24C-83BAEABC4D94}.Debug - Trial|Any CPU.ActiveCfg = Release - Trial|Any CPU
		{DBF0F3DD-904A-462F-A24C-83BAEABC4D94}.Debug - Trial|Any CPU.Build.0 = Release - Trial|Any CPU
		{8A697A13-71A1-46B1-93E5-1C42DF20BE1A}.Debug|iPhoneSimulator.ActiveCfg = Debug - TDD_Trial|Any CPU
		{8A697A13-71A1-46B1-93E5-1C42DF20BE1A}.Debug|iPhoneSimulator.Build.0 = Debug - TDD_Trial|Any CPU
		{8A697A13-71A1-46B1-93E5-1C42DF20BE1A}.Release|iPhone.ActiveCfg = Release - Trial|Any CPU
		{8A697A13-71A1-46B1-93E5-1C42DF20BE1A}.Release|iPhone.Build.0 = Release - Trial|Any CPU
		{8A697A13-71A1-46B1-93E5-1C42DF20BE1A}.Release|iPhoneSimulator.ActiveCfg = Release - Trial|Any CPU
		{8A697A13-71A1-46B1-93E5-1C42DF20BE1A}.Release|iPhoneSimulator.Build.0 = Release - Trial|Any CPU
		{8A697A13-71A1-46B1-93E5-1C42DF20BE1A}.Debug|iPhone.ActiveCfg = Debug - TDD_Trial|Any CPU
		{8A697A13-71A1-46B1-93E5-1C42DF20BE1A}.Debug|iPhone.Build.0 = Debug - TDD_Trial|Any CPU
		{8A697A13-71A1-46B1-93E5-1C42DF20BE1A}.Release - Trial|Any CPU.ActiveCfg = Release - Trial|Any CPU
		{8A697A13-71A1-46B1-93E5-1C42DF20BE1A}.Release - Trial|Any CPU.Build.0 = Release - Trial|Any CPU
		{8A697A13-71A1-46B1-93E5-1C42DF20BE1A}.Release - Component|Any CPU.ActiveCfg = Release - Component|Any CPU
		{8A697A13-71A1-46B1-93E5-1C42DF20BE1A}.Release - Component|Any CPU.Build.0 = Release - Component|Any CPU
		{8A697A13-71A1-46B1-93E5-1C42DF20BE1A}.Release - TDD_Trial|Any CPU.ActiveCfg = Release - TDD_Trial|Any CPU
		{8A697A13-71A1-46B1-93E5-1C42DF20BE1A}.Release - TDD_Trial|Any CPU.Build.0 = Release - TDD_Trial|Any CPU
		{8A697A13-71A1-46B1-93E5-1C42DF20BE1A}.Debug - TDD_Trial|Any CPU.ActiveCfg = Debug - TDD_Trial|Any CPU
		{8A697A13-71A1-46B1-93E5-1C42DF20BE1A}.Debug - TDD_Trial|Any CPU.Build.0 = Debug - TDD_Trial|Any CPU
		{8A697A13-71A1-46B1-93E5-1C42DF20BE1A}.Debug - Trial|Any CPU.ActiveCfg = Release - Trial|Any CPU
		{8A697A13-71A1-46B1-93E5-1C42DF20BE1A}.Debug - Trial|Any CPU.Build.0 = Release - Trial|Any CPU
		{517D1B56-97A1-4255-8E7E-A243E160182A}.Debug|iPhoneSimulator.ActiveCfg = Debug - Trial|Any CPU
		{517D1B56-97A1-4255-8E7E-A243E160182A}.Debug|iPhoneSimulator.Build.0 = Debug - Trial|Any CPU
		{517D1B56-97A1-4255-8E7E-A243E160182A}.Release|iPhone.ActiveCfg = Release|Any CPU
		{517D1B56-97A1-4255-8E7E-A243E160182A}.Release|iPhone.Build.0 = Release|Any CPU
		{517D1B56-97A1-4255-8E7E-A243E160182A}.Release|iPhoneSimulator.ActiveCfg = Release|Any CPU
		{517D1B56-97A1-4255-8E7E-A243E160182A}.Release|iPhoneSimulator.Build.0 = Release|Any CPU
		{517D1B56-97A1-4255-8E7E-A243E160182A}.Debug|iPhone.ActiveCfg = Debug - Trial|Any CPU
		{517D1B56-97A1-4255-8E7E-A243E160182A}.Debug|iPhone.Build.0 = Debug - Trial|Any CPU
		{517D1B56-97A1-4255-8E7E-A243E160182A}.Release - Trial|Any CPU.ActiveCfg = Release - Trial|Any CPU
		{517D1B56-97A1-4255-8E7E-A243E160182A}.Release - Trial|Any CPU.Build.0 = Release - Trial|Any CPU
		{517D1B56-97A1-4255-8E7E-A243E160182A}.Release - Component|Any CPU.ActiveCfg = Debug - Trial|Any CPU
		{517D1B56-97A1-4255-8E7E-A243E160182A}.Release - Component|Any CPU.Build.0 = Debug - Trial|Any CPU
		{517D1B56-97A1-4255-8E7E-A243E160182A}.Release - TDD_Trial|Any CPU.ActiveCfg = Debug - Trial|Any CPU
		{517D1B56-97A1-4255-8E7E-A243E160182A}.Release - TDD_Trial|Any CPU.Build.0 = Debug - Trial|Any CPU
		{517D1B56-97A1-4255-8E7E-A243E160182A}.Debug - TDD_Trial|Any CPU.ActiveCfg = Debug - Trial|Any CPU
		{517D1B56-97A1-4255-8E7E-A243E160182A}.Debug - TDD_Trial|Any CPU.Build.0 = Debug - Trial|Any CPU
		{517D1B56-97A1-4255-8E7E-A243E160182A}.Debug - Trial|Any CPU.ActiveCfg = Debug - Trial|Any CPU
		{517D1B56-97A1-4255-8E7E-A243E160182A}.Debug - Trial|Any CPU.Build.0 = Debug - Trial|Any CPU
	EndGlobalSection
EndGlobal
