
Microsoft Visual Studio Solution File, Format Version 11.00
# Visual Studio 2010
Project("{FAE04EC0-301F-11D3-BF4B-00C04F79EFBC}") = "Sample.CognitoSyncSettings.Android", "Sample.CognitoSyncSettings.Android.csproj", "{FB302233-193F-4464-B4B1-547FE747E192}"
EndProject
Project("{FAE04EC0-301F-11D3-BF4B-00C04F79EFBC}") = "Advexp.Settings.Android", "..\..\..\Advexp.Settings\Advexp.Settings.Android.csproj", "{29EB96CB-9287-4740-AEE3-859265DD32BC}"
EndProject
Project("{FAE04EC0-301F-11D3-BF4B-00C04F79EFBC}") = "SharpSerializer.PCL", "..\..\..\Advexp.Settings\SharpSerializer\SharpSerializer.PCL.csproj", "{25A1D22A-76E8-45CD-8634-04DF15CF37E8}"
EndProject
Project("{FAE04EC0-301F-11D3-BF4B-00C04F79EFBC}") = "Advexp.Settings.Utils.PCL", "..\..\..\Advexp.Settings\PCL.Utils\Advexp.Settings.Utils.PCL.csproj", "{8A697A13-71A1-46B1-93E5-1C42DF20BE1A}"
EndProject
Project("{FAE04EC0-301F-11D3-BF4B-00C04F79EFBC}") = "Plugin.CognitoSyncSettings.PCL", "..\..\..\Advexp.Settings\Plugins\CognitoSyncSettings\Plugin.CognitoSyncSettings.PCL.csproj", "{517D1B56-97A1-4255-8E7E-A243E160182A}"
EndProject
Global
	GlobalSection(SolutionConfigurationPlatforms) = preSolution
		Debug|Any CPU = Debug|Any CPU
		Release|Any CPU = Release|Any CPU
		Release - Trial|Any CPU = Release - Trial|Any CPU
		Release - Component|Any CPU = Release - Component|Any CPU
	EndGlobalSection
	GlobalSection(ProjectConfigurationPlatforms) = postSolution
		{25A1D22A-76E8-45CD-8634-04DF15CF37E8}.Debug|Any CPU.ActiveCfg = Debug|Any CPU
		{25A1D22A-76E8-45CD-8634-04DF15CF37E8}.Debug|Any CPU.Build.0 = Debug|Any CPU
		{25A1D22A-76E8-45CD-8634-04DF15CF37E8}.Release - Component|Any CPU.ActiveCfg = Debug|Any CPU
		{25A1D22A-76E8-45CD-8634-04DF15CF37E8}.Release - Component|Any CPU.Build.0 = Debug|Any CPU
		{25A1D22A-76E8-45CD-8634-04DF15CF37E8}.Release - Trial|Any CPU.ActiveCfg = Debug|Any CPU
		{25A1D22A-76E8-45CD-8634-04DF15CF37E8}.Release - Trial|Any CPU.Build.0 = Debug|Any CPU
		{25A1D22A-76E8-45CD-8634-04DF15CF37E8}.Release|Any CPU.ActiveCfg = Release|Any CPU
		{25A1D22A-76E8-45CD-8634-04DF15CF37E8}.Release|Any CPU.Build.0 = Release|Any CPU
		{29EB96CB-9287-4740-AEE3-859265DD32BC}.Debug|Any CPU.ActiveCfg = Debug|Any CPU
		{29EB96CB-9287-4740-AEE3-859265DD32BC}.Debug|Any CPU.Build.0 = Debug|Any CPU
		{29EB96CB-9287-4740-AEE3-859265DD32BC}.Release - Component|Any CPU.ActiveCfg = Release - Component|Any CPU
		{29EB96CB-9287-4740-AEE3-859265DD32BC}.Release - Component|Any CPU.Build.0 = Release - Component|Any CPU
		{29EB96CB-9287-4740-AEE3-859265DD32BC}.Release - Trial|Any CPU.ActiveCfg = Release - Trial|Any CPU
		{29EB96CB-9287-4740-AEE3-859265DD32BC}.Release - Trial|Any CPU.Build.0 = Release - Trial|Any CPU
		{29EB96CB-9287-4740-AEE3-859265DD32BC}.Release|Any CPU.ActiveCfg = Release|Any CPU
		{29EB96CB-9287-4740-AEE3-859265DD32BC}.Release|Any CPU.Build.0 = Release|Any CPU
		{517D1B56-97A1-4255-8E7E-A243E160182A}.Debug|Any CPU.ActiveCfg = Debug|Any CPU
		{517D1B56-97A1-4255-8E7E-A243E160182A}.Debug|Any CPU.Build.0 = Debug|Any CPU
		{517D1B56-97A1-4255-8E7E-A243E160182A}.Release - Component|Any CPU.ActiveCfg = Debug|Any CPU
		{517D1B56-97A1-4255-8E7E-A243E160182A}.Release - Component|Any CPU.Build.0 = Debug|Any CPU
		{517D1B56-97A1-4255-8E7E-A243E160182A}.Release - Trial|Any CPU.ActiveCfg = Release - Trial|Any CPU
		{517D1B56-97A1-4255-8E7E-A243E160182A}.Release - Trial|Any CPU.Build.0 = Release - Trial|Any CPU
		{517D1B56-97A1-4255-8E7E-A243E160182A}.Release|Any CPU.ActiveCfg = Release|Any CPU
		{517D1B56-97A1-4255-8E7E-A243E160182A}.Release|Any CPU.Build.0 = Release|Any CPU
		{8A697A13-71A1-46B1-93E5-1C42DF20BE1A}.Debug|Any CPU.ActiveCfg = Debug|Any CPU
		{8A697A13-71A1-46B1-93E5-1C42DF20BE1A}.Debug|Any CPU.Build.0 = Debug|Any CPU
		{8A697A13-71A1-46B1-93E5-1C42DF20BE1A}.Release - Component|Any CPU.ActiveCfg = Debug|Any CPU
		{8A697A13-71A1-46B1-93E5-1C42DF20BE1A}.Release - Component|Any CPU.Build.0 = Debug|Any CPU
		{8A697A13-71A1-46B1-93E5-1C42DF20BE1A}.Release - Trial|Any CPU.ActiveCfg = Debug|Any CPU
		{8A697A13-71A1-46B1-93E5-1C42DF20BE1A}.Release - Trial|Any CPU.Build.0 = Debug|Any CPU
		{8A697A13-71A1-46B1-93E5-1C42DF20BE1A}.Release|Any CPU.ActiveCfg = Release|Any CPU
		{8A697A13-71A1-46B1-93E5-1C42DF20BE1A}.Release|Any CPU.Build.0 = Release|Any CPU
		{FB302233-193F-4464-B4B1-547FE747E192}.Debug|Any CPU.ActiveCfg = Debug|Any CPU
		{FB302233-193F-4464-B4B1-547FE747E192}.Debug|Any CPU.Build.0 = Debug|Any CPU
		{FB302233-193F-4464-B4B1-547FE747E192}.Release - Component|Any CPU.ActiveCfg = Debug|Any CPU
		{FB302233-193F-4464-B4B1-547FE747E192}.Release - Component|Any CPU.Build.0 = Debug|Any CPU
		{FB302233-193F-4464-B4B1-547FE747E192}.Release - Trial|Any CPU.ActiveCfg = Debug|Any CPU
		{FB302233-193F-4464-B4B1-547FE747E192}.Release - Trial|Any CPU.Build.0 = Debug|Any CPU
		{FB302233-193F-4464-B4B1-547FE747E192}.Release|Any CPU.ActiveCfg = Release|Any CPU
		{FB302233-193F-4464-B4B1-547FE747E192}.Release|Any CPU.Build.0 = Release|Any CPU
	EndGlobalSection
EndGlobal
